// !$*UTF8*$!
{
	archiveVersion = 1;
	classes = {
	};
	objectVersion = 56;
	objects = {

/* Begin PBXBuildFile section */
		6B37B4B72A714DDE00F26F1A /* AVExtension.m in Sources */ = {isa = PBXBuildFile; fileRef = 6B37B4B62A714DDE00F26F1A /* AVExtension.m */; };
		6B37B4BD2A715EF900F26F1A /* SFSymbol in Frameworks */ = {isa = PBXBuildFile; productRef = 6B37B4BC2A715EF900F26F1A /* SFSymbol */; };
		6B4FC0572A6FA49B00164A5B /* bMessageSendView.swift in Sources */ = {isa = PBXBuildFile; fileRef = 6B4FC0562A6FA49B00164A5B /* bMessageSendView.swift */; };
		6B4FC05A2A7016CE00164A5B /* CodingTime.m in Sources */ = {isa = PBXBuildFile; fileRef = 6B4FC0592A7016CE00164A5B /* CodingTime.m */; };
		6B9943862A6E257100E2F5D5 /* MemoryWarningView.swift in Sources */ = {isa = PBXBuildFile; fileRef = 6B9943852A6E257100E2F5D5 /* MemoryWarningView.swift */; };
		6BC8CB1A2A6CEC7400D2E9E9 /* ColorThief.swift in Sources */ = {isa = PBXBuildFile; fileRef = 6BC8CB192A6CEC7400D2E9E9 /* ColorThief.swift */; };
		6BC8CB1C2A6CEC8400D2E9E9 /* MMCQ.swift in Sources */ = {isa = PBXBuildFile; fileRef = 6BC8CB1B2A6CEC8400D2E9E9 /* MMCQ.swift */; };
		6BC8CB282A6D758000D2E9E9 /* EFQRCode in Frameworks */ = {isa = PBXBuildFile; productRef = 6BC8CB272A6D758000D2E9E9 /* EFQRCode */; };
		6BC8CB2A2A6D758000D2E9E9 /* SDWebImageSwiftUI in Frameworks */ = {isa = PBXBuildFile; productRef = 6BC8CB292A6D758000D2E9E9 /* SDWebImageSwiftUI */; };
		6BC8CB2C2A6D758000D2E9E9 /* SDWebImageWebPCoder in Frameworks */ = {isa = PBXBuildFile; productRef = 6BC8CB2B2A6D758000D2E9E9 /* SDWebImageWebPCoder */; };
		6BC8CB2E2A6D758000D2E9E9 /* SDWebImageSVGCoder in Frameworks */ = {isa = PBXBuildFile; productRef = 6BC8CB2D2A6D758000D2E9E9 /* SDWebImageSVGCoder */; };
		6BC8CB302A6D758000D2E9E9 /* SDWebImagePDFCoder in Frameworks */ = {isa = PBXBuildFile; productRef = 6BC8CB2F2A6D758000D2E9E9 /* SDWebImagePDFCoder */; };
		6BC8CB322A6D758000D2E9E9 /* SwiftSoup in Frameworks */ = {isa = PBXBuildFile; productRef = 6BC8CB312A6D758000D2E9E9 /* SwiftSoup */; };
		6BC8CB342A6D758000D2E9E9 /* DarockKit in Frameworks */ = {isa = PBXBuildFile; productRef = 6BC8CB332A6D758000D2E9E9 /* DarockKit */; };
		6BC8CB362A6D758000D2E9E9 /* CachedAsyncImage in Frameworks */ = {isa = PBXBuildFile; productRef = 6BC8CB352A6D758000D2E9E9 /* CachedAsyncImage */; };
		6BC8CB3E2A6D768700D2E9E9 /* Dynamic in Frameworks */ = {isa = PBXBuildFile; productRef = 6BC8CB3D2A6D768700D2E9E9 /* Dynamic */; };
		6BC8CB402A6D7F6F00D2E9E9 /* AudioPlayerView.swift in Sources */ = {isa = PBXBuildFile; fileRef = 6BC8CB3F2A6D7F6F00D2E9E9 /* AudioPlayerView.swift */; };
		6BFF29052A6C0B3A00914A8E /* DarockBiliApp.swift in Sources */ = {isa = PBXBuildFile; fileRef = 6BFF29042A6C0B3A00914A8E /* DarockBiliApp.swift */; };
		6BFF29072A6C0B3A00914A8E /* ContentView.swift in Sources */ = {isa = PBXBuildFile; fileRef = 6BFF29062A6C0B3A00914A8E /* ContentView.swift */; };
		6BFF29092A6C0B3F00914A8E /* Assets.xcassets in Resources */ = {isa = PBXBuildFile; fileRef = 6BFF29082A6C0B3F00914A8E /* Assets.xcassets */; };
		6BFF290C2A6C0B3F00914A8E /* Preview Assets.xcassets in Resources */ = {isa = PBXBuildFile; fileRef = 6BFF290B2A6C0B3F00914A8E /* Preview Assets.xcassets */; };
		6BFF29692A6C0D2100914A8E /* DarockBili Watch App.app in Embed Watch Content */ = {isa = PBXBuildFile; fileRef = 6BFF295C2A6C0D1C00914A8E /* DarockBili Watch App.app */; settings = {ATTRIBUTES = (RemoveHeadersOnCopy, ); }; };
		6BFF296E2A6C0DE500914A8E /* AppFileManager.swift in Sources */ = {isa = PBXBuildFile; fileRef = 6B56A9042A53BD330089DD31 /* AppFileManager.swift */; };
		6BFF296F2A6C0DE500914A8E /* UIExt.swift in Sources */ = {isa = PBXBuildFile; fileRef = 6B2773C02A599FE300950EB7 /* UIExt.swift */; };
		6BFF29712A6C0DE500914A8E /* DarockBiliApp.swift in Sources */ = {isa = PBXBuildFile; fileRef = 6B0253BF2A4EF59600567986 /* DarockBiliApp.swift */; };
		6BFF29722A6C0DE500914A8E /* DarockBili-Watch-App-Info.plist in Resources */ = {isa = PBXBuildFile; fileRef = 6B0253DB2A4F109700567986 /* DarockBili-Watch-App-Info.plist */; };
		6BFF29732A6C0DE600914A8E /* CodeExt.swift in Sources */ = {isa = PBXBuildFile; fileRef = 6BE4AA792A56798600F18565 /* CodeExt.swift */; };
		6BFF29752A6C0DF500914A8E /* ContentView.swift in Sources */ = {isa = PBXBuildFile; fileRef = 6B0253C12A4EF59600567986 /* ContentView.swift */; };
		6BFF29762A6C0DF500914A8E /* MainView.swift in Sources */ = {isa = PBXBuildFile; fileRef = 6B0253D42A4EF64C00567986 /* MainView.swift */; };
		6BFF29772A6C0DF500914A8E /* SearchView.swift in Sources */ = {isa = PBXBuildFile; fileRef = 6BBFF7D02A50411400DE050E /* SearchView.swift */; };
		6BFF29782A6C0DF900914A8E /* FollowListView.swift in Sources */ = {isa = PBXBuildFile; fileRef = 6BBFF7BD2A50040E00DE050E /* FollowListView.swift */; };
		6BFF29792A6C0DF900914A8E /* HistoryView.swift in Sources */ = {isa = PBXBuildFile; fileRef = 6B6790A32A5296FB00FAE216 /* HistoryView.swift */; };
		6BFF297A2A6C0DF900914A8E /* FavoriteView.swift in Sources */ = {isa = PBXBuildFile; fileRef = 6B56A8FE2A53A9F80089DD31 /* FavoriteView.swift */; };
		6BFF297B2A6C0DF900914A8E /* WatchLaterView.swift in Sources */ = {isa = PBXBuildFile; fileRef = 6B56A9262A53E6850089DD31 /* WatchLaterView.swift */; };
		6BFF297C2A6C0DF900914A8E /* DownloadsView.swift in Sources */ = {isa = PBXBuildFile; fileRef = 6B56A9002A53B8D30089DD31 /* DownloadsView.swift */; };
		6BFF297D2A6C0DF900914A8E /* PersonAccountView.swift in Sources */ = {isa = PBXBuildFile; fileRef = 6B0253E12A4F23DB00567986 /* PersonAccountView.swift */; };
		6BFF297E2A6C0DF900914A8E /* UserDetailView.swift in Sources */ = {isa = PBXBuildFile; fileRef = 6BBFF7BF2A50046C00DE050E /* UserDetailView.swift */; };
		6BFF297F2A6C0DF900914A8E /* ArticleView.swift in Sources */ = {isa = PBXBuildFile; fileRef = 6BBFF7D52A5073FC00DE050E /* ArticleView.swift */; };
		6BFF29802A6C0DFC00914A8E /* VideoPlayerView.swift in Sources */ = {isa = PBXBuildFile; fileRef = 6B0253DE2A4F1DCF00567986 /* VideoPlayerView.swift */; };
		6BFF29822A6C0DFC00914A8E /* VideoDownloadView.swift in Sources */ = {isa = PBXBuildFile; fileRef = 6B56A9022A53B9770089DD31 /* VideoDownloadView.swift */; };
		6BFF29832A6C0DFC00914A8E /* VideoDetailView.swift in Sources */ = {isa = PBXBuildFile; fileRef = 6B0253DC2A4F155800567986 /* VideoDetailView.swift */; };
		6BFF29842A6C0DFC00914A8E /* VideoCommentsView.swift in Sources */ = {isa = PBXBuildFile; fileRef = 6BBFA2BD2A51236900FE61D1 /* VideoCommentsView.swift */; };
		6BFF29852A6C0DFF00914A8E /* SettingsView.swift in Sources */ = {isa = PBXBuildFile; fileRef = 6B91C4A82A5598260020259E /* SettingsView.swift */; };
		6BFF29862A6C0DFF00914A8E /* LoginView.swift in Sources */ = {isa = PBXBuildFile; fileRef = 6B0253E32A4F265100567986 /* LoginView.swift */; };
		6BFF29872A6C0DFF00914A8E /* FirstUsingView.swift in Sources */ = {isa = PBXBuildFile; fileRef = 6BBFA2C42A515D8B00FE61D1 /* FirstUsingView.swift */; };
		6BFF29882A6C0DFF00914A8E /* NoticeView.swift in Sources */ = {isa = PBXBuildFile; fileRef = 6BBFA32C2A51C39F00FE61D1 /* NoticeView.swift */; };
		6BFF29892A6C0DFF00914A8E /* AboutView.swift in Sources */ = {isa = PBXBuildFile; fileRef = 6BBFA2C22A512CF500FE61D1 /* AboutView.swift */; };
		6BFF298A2A6C0E0B00914A8E /* Backtrace.swift in Sources */ = {isa = PBXBuildFile; fileRef = 6B2D76472A610E7000AA57DA /* Backtrace.swift */; };
		6BFF298B2A6C0E1900914A8E /* backtrace.c in Sources */ = {isa = PBXBuildFile; fileRef = 6B2D764B2A610EC800AA57DA /* backtrace.c */; };
		6BFF298C2A6C0E1D00914A8E /* FeedbackMainView.swift in Sources */ = {isa = PBXBuildFile; fileRef = 6B8C2B002A601E57001FEC85 /* FeedbackMainView.swift */; };
		6BFF298D2A6C0E1D00914A8E /* ErrorGetView.swift in Sources */ = {isa = PBXBuildFile; fileRef = 6BA3F5692A543B3A0016BD8D /* ErrorGetView.swift */; };
		6BFF298E2A6C0E1D00914A8E /* NetworkFixView.swift in Sources */ = {isa = PBXBuildFile; fileRef = 6BF6B5CE2A544A1F004A31BC /* NetworkFixView.swift */; };
		6BFF298F2A6C0E1D00914A8E /* FeedbackView.swift in Sources */ = {isa = PBXBuildFile; fileRef = 6B91C4AC2A55A40D0020259E /* FeedbackView.swift */; };
		6BFF29902A6C0E1D00914A8E /* Assets.xcassets in Resources */ = {isa = PBXBuildFile; fileRef = 6B0253C32A4EF59700567986 /* Assets.xcassets */; };
		6BFF29912A6C0E1D00914A8E /* FeedbackEnterView.swift in Sources */ = {isa = PBXBuildFile; fileRef = 6B8C2AFE2A601E36001FEC85 /* FeedbackEnterView.swift */; };
		6BFF29922A6C0E1D00914A8E /* FeedbackDetailsView.swift in Sources */ = {isa = PBXBuildFile; fileRef = 6B8C2B022A6020F2001FEC85 /* FeedbackDetailsView.swift */; };
		6BFF29932A6C0E1D00914A8E /* FeedbackLoginView.swift in Sources */ = {isa = PBXBuildFile; fileRef = 6B8C2AFC2A6019B6001FEC85 /* FeedbackLoginView.swift */; };
		6BFF29942A6C0E1D00914A8E /* SignalErrorView.swift in Sources */ = {isa = PBXBuildFile; fileRef = 6B2D764D2A61154300AA57DA /* SignalErrorView.swift */; };
		6BFF29952A6C0E2200914A8E /* Preview Assets.xcassets in Resources */ = {isa = PBXBuildFile; fileRef = 6B0253C62A4EF59700567986 /* Preview Assets.xcassets */; };
		6BFF29A62A6C10EB00914A8E /* DarockKit in Frameworks */ = {isa = PBXBuildFile; productRef = 6BFF29A52A6C10EB00914A8E /* DarockKit */; };
/* End PBXBuildFile section */

/* Begin PBXContainerItemProxy section */
		6BFF29672A6C0D2100914A8E /* PBXContainerItemProxy */ = {
			isa = PBXContainerItemProxy;
			containerPortal = 6B0253AE2A4EF59600567986 /* Project object */;
			proxyType = 1;
			remoteGlobalIDString = 6BFF295B2A6C0D1C00914A8E;
			remoteInfo = "DarockBili WatchKit App Watch App";
		};
/* End PBXContainerItemProxy section */

/* Begin PBXCopyFilesBuildPhase section */
		6BFF296D2A6C0D2100914A8E /* Embed Watch Content */ = {
			isa = PBXCopyFilesBuildPhase;
			buildActionMask = 2147483647;
			dstPath = "$(CONTENTS_FOLDER_PATH)/Watch";
			dstSubfolderSpec = 16;
			files = (
				6BFF29692A6C0D2100914A8E /* DarockBili Watch App.app in Embed Watch Content */,
			);
			name = "Embed Watch Content";
			runOnlyForDeploymentPostprocessing = 0;
		};
/* End PBXCopyFilesBuildPhase section */

/* Begin PBXFileReference section */
		6B0253BF2A4EF59600567986 /* DarockBiliApp.swift */ = {isa = PBXFileReference; lastKnownFileType = sourcecode.swift; path = DarockBiliApp.swift; sourceTree = "<group>"; };
		6B0253C12A4EF59600567986 /* ContentView.swift */ = {isa = PBXFileReference; lastKnownFileType = sourcecode.swift; path = ContentView.swift; sourceTree = "<group>"; };
		6B0253C32A4EF59700567986 /* Assets.xcassets */ = {isa = PBXFileReference; lastKnownFileType = folder.assetcatalog; path = Assets.xcassets; sourceTree = "<group>"; };
		6B0253C62A4EF59700567986 /* Preview Assets.xcassets */ = {isa = PBXFileReference; lastKnownFileType = folder.assetcatalog; path = "Preview Assets.xcassets"; sourceTree = "<group>"; };
		6B0253D42A4EF64C00567986 /* MainView.swift */ = {isa = PBXFileReference; lastKnownFileType = sourcecode.swift; path = MainView.swift; sourceTree = "<group>"; };
		6B0253DB2A4F109700567986 /* DarockBili-Watch-App-Info.plist */ = {isa = PBXFileReference; lastKnownFileType = text.plist; path = "DarockBili-Watch-App-Info.plist"; sourceTree = SOURCE_ROOT; };
		6B0253DC2A4F155800567986 /* VideoDetailView.swift */ = {isa = PBXFileReference; lastKnownFileType = sourcecode.swift; path = VideoDetailView.swift; sourceTree = "<group>"; };
		6B0253DE2A4F1DCF00567986 /* VideoPlayerView.swift */ = {isa = PBXFileReference; lastKnownFileType = sourcecode.swift; path = VideoPlayerView.swift; sourceTree = "<group>"; };
		6B0253E12A4F23DB00567986 /* PersonAccountView.swift */ = {isa = PBXFileReference; lastKnownFileType = sourcecode.swift; path = PersonAccountView.swift; sourceTree = "<group>"; };
		6B0253E32A4F265100567986 /* LoginView.swift */ = {isa = PBXFileReference; lastKnownFileType = sourcecode.swift; path = LoginView.swift; sourceTree = "<group>"; };
		6B0A562B2A714DB300D0CC32 /* AVExtension.h */ = {isa = PBXFileReference; fileEncoding = 4; lastKnownFileType = sourcecode.c.h; path = AVExtension.h; sourceTree = "<group>"; };
		6B2773C02A599FE300950EB7 /* UIExt.swift */ = {isa = PBXFileReference; lastKnownFileType = sourcecode.swift; path = UIExt.swift; sourceTree = "<group>"; };
		6B2D76472A610E7000AA57DA /* Backtrace.swift */ = {isa = PBXFileReference; lastKnownFileType = sourcecode.swift; path = Backtrace.swift; sourceTree = "<group>"; };
		6B2D764A2A610EC800AA57DA /* backtrace.h */ = {isa = PBXFileReference; lastKnownFileType = sourcecode.c.h; path = backtrace.h; sourceTree = "<group>"; };
		6B2D764B2A610EC800AA57DA /* backtrace.c */ = {isa = PBXFileReference; lastKnownFileType = sourcecode.c.c; path = backtrace.c; sourceTree = "<group>"; };
		6B2D764D2A61154300AA57DA /* SignalErrorView.swift */ = {isa = PBXFileReference; lastKnownFileType = sourcecode.swift; path = SignalErrorView.swift; sourceTree = "<group>"; };
		6B37B4B62A714DDE00F26F1A /* AVExtension.m */ = {isa = PBXFileReference; fileEncoding = 4; lastKnownFileType = sourcecode.c.objc; path = AVExtension.m; sourceTree = "<group>"; };
		6B4FC0562A6FA49B00164A5B /* bMessageSendView.swift */ = {isa = PBXFileReference; lastKnownFileType = sourcecode.swift; path = bMessageSendView.swift; sourceTree = "<group>"; };
		6B4FC0592A7016CE00164A5B /* CodingTime.m */ = {isa = PBXFileReference; lastKnownFileType = sourcecode.c.objc; path = CodingTime.m; sourceTree = "<group>"; };
		6B4FC05B2A7016DF00164A5B /* CodingTime.h */ = {isa = PBXFileReference; lastKnownFileType = sourcecode.c.h; path = CodingTime.h; sourceTree = "<group>"; };
		6B4FC05C2A70172B00164A5B /* DarockBili-Bridging-Header.h */ = {isa = PBXFileReference; lastKnownFileType = sourcecode.c.h; path = "DarockBili-Bridging-Header.h"; sourceTree = "<group>"; };
		6B56A8FE2A53A9F80089DD31 /* FavoriteView.swift */ = {isa = PBXFileReference; lastKnownFileType = sourcecode.swift; path = FavoriteView.swift; sourceTree = "<group>"; };
		6B56A9002A53B8D30089DD31 /* DownloadsView.swift */ = {isa = PBXFileReference; lastKnownFileType = sourcecode.swift; path = DownloadsView.swift; sourceTree = "<group>"; };
		6B56A9022A53B9770089DD31 /* VideoDownloadView.swift */ = {isa = PBXFileReference; lastKnownFileType = sourcecode.swift; path = VideoDownloadView.swift; sourceTree = "<group>"; };
		6B56A9042A53BD330089DD31 /* AppFileManager.swift */ = {isa = PBXFileReference; lastKnownFileType = sourcecode.swift; path = AppFileManager.swift; sourceTree = "<group>"; };
		6B56A9242A53CFC10089DD31 /* Localizable.xcstrings */ = {isa = PBXFileReference; lastKnownFileType = text.json.xcstrings; path = Localizable.xcstrings; sourceTree = "<group>"; };
		6B56A9262A53E6850089DD31 /* WatchLaterView.swift */ = {isa = PBXFileReference; lastKnownFileType = sourcecode.swift; path = WatchLaterView.swift; sourceTree = "<group>"; };
		6B6790A32A5296FB00FAE216 /* HistoryView.swift */ = {isa = PBXFileReference; lastKnownFileType = sourcecode.swift; path = HistoryView.swift; sourceTree = "<group>"; };
		6B8C2AFC2A6019B6001FEC85 /* FeedbackLoginView.swift */ = {isa = PBXFileReference; lastKnownFileType = sourcecode.swift; path = FeedbackLoginView.swift; sourceTree = "<group>"; };
		6B8C2AFE2A601E36001FEC85 /* FeedbackEnterView.swift */ = {isa = PBXFileReference; lastKnownFileType = sourcecode.swift; path = FeedbackEnterView.swift; sourceTree = "<group>"; };
		6B8C2B002A601E57001FEC85 /* FeedbackMainView.swift */ = {isa = PBXFileReference; lastKnownFileType = sourcecode.swift; path = FeedbackMainView.swift; sourceTree = "<group>"; };
		6B8C2B022A6020F2001FEC85 /* FeedbackDetailsView.swift */ = {isa = PBXFileReference; lastKnownFileType = sourcecode.swift; path = FeedbackDetailsView.swift; sourceTree = "<group>"; };
		6B91C4A82A5598260020259E /* SettingsView.swift */ = {isa = PBXFileReference; lastKnownFileType = sourcecode.swift; path = SettingsView.swift; sourceTree = "<group>"; };
		6B91C4AC2A55A40D0020259E /* FeedbackView.swift */ = {isa = PBXFileReference; lastKnownFileType = sourcecode.swift; path = FeedbackView.swift; sourceTree = "<group>"; };
		6B9943852A6E257100E2F5D5 /* MemoryWarningView.swift */ = {isa = PBXFileReference; lastKnownFileType = sourcecode.swift; path = MemoryWarningView.swift; sourceTree = "<group>"; };
		6BA3F5692A543B3A0016BD8D /* ErrorGetView.swift */ = {isa = PBXFileReference; lastKnownFileType = sourcecode.swift; path = ErrorGetView.swift; sourceTree = "<group>"; };
		6BBFA2BD2A51236900FE61D1 /* VideoCommentsView.swift */ = {isa = PBXFileReference; lastKnownFileType = sourcecode.swift; path = VideoCommentsView.swift; sourceTree = "<group>"; };
		6BBFA2C22A512CF500FE61D1 /* AboutView.swift */ = {isa = PBXFileReference; lastKnownFileType = sourcecode.swift; path = AboutView.swift; sourceTree = "<group>"; };
		6BBFA2C42A515D8B00FE61D1 /* FirstUsingView.swift */ = {isa = PBXFileReference; lastKnownFileType = sourcecode.swift; path = FirstUsingView.swift; sourceTree = "<group>"; };
		6BBFA32C2A51C39F00FE61D1 /* NoticeView.swift */ = {isa = PBXFileReference; lastKnownFileType = sourcecode.swift; path = NoticeView.swift; sourceTree = "<group>"; };
		6BBFF7BD2A50040E00DE050E /* FollowListView.swift */ = {isa = PBXFileReference; lastKnownFileType = sourcecode.swift; path = FollowListView.swift; sourceTree = "<group>"; };
		6BBFF7BF2A50046C00DE050E /* UserDetailView.swift */ = {isa = PBXFileReference; lastKnownFileType = sourcecode.swift; path = UserDetailView.swift; sourceTree = "<group>"; };
		6BBFF7D02A50411400DE050E /* SearchView.swift */ = {isa = PBXFileReference; lastKnownFileType = sourcecode.swift; path = SearchView.swift; sourceTree = "<group>"; };
		6BBFF7D52A5073FC00DE050E /* ArticleView.swift */ = {isa = PBXFileReference; lastKnownFileType = sourcecode.swift; path = ArticleView.swift; sourceTree = "<group>"; };
		6BC8CB192A6CEC7400D2E9E9 /* ColorThief.swift */ = {isa = PBXFileReference; lastKnownFileType = sourcecode.swift; path = ColorThief.swift; sourceTree = "<group>"; };
		6BC8CB1B2A6CEC8400D2E9E9 /* MMCQ.swift */ = {isa = PBXFileReference; lastKnownFileType = sourcecode.swift; path = MMCQ.swift; sourceTree = "<group>"; };
		6BC8CB3F2A6D7F6F00D2E9E9 /* AudioPlayerView.swift */ = {isa = PBXFileReference; lastKnownFileType = sourcecode.swift; path = AudioPlayerView.swift; sourceTree = "<group>"; };
		6BE4AA792A56798600F18565 /* CodeExt.swift */ = {isa = PBXFileReference; lastKnownFileType = sourcecode.swift; path = CodeExt.swift; sourceTree = "<group>"; };
		6BF6B5CE2A544A1F004A31BC /* NetworkFixView.swift */ = {isa = PBXFileReference; lastKnownFileType = sourcecode.swift; path = NetworkFixView.swift; sourceTree = "<group>"; };
		6BFF29022A6C0B3A00914A8E /* DarockBili.app */ = {isa = PBXFileReference; explicitFileType = wrapper.application; includeInIndex = 0; path = DarockBili.app; sourceTree = BUILT_PRODUCTS_DIR; };
		6BFF29042A6C0B3A00914A8E /* DarockBiliApp.swift */ = {isa = PBXFileReference; lastKnownFileType = sourcecode.swift; path = DarockBiliApp.swift; sourceTree = "<group>"; };
		6BFF29062A6C0B3A00914A8E /* ContentView.swift */ = {isa = PBXFileReference; lastKnownFileType = sourcecode.swift; path = ContentView.swift; sourceTree = "<group>"; };
		6BFF29082A6C0B3F00914A8E /* Assets.xcassets */ = {isa = PBXFileReference; lastKnownFileType = folder.assetcatalog; path = Assets.xcassets; sourceTree = "<group>"; };
		6BFF290B2A6C0B3F00914A8E /* Preview Assets.xcassets */ = {isa = PBXFileReference; lastKnownFileType = folder.assetcatalog; path = "Preview Assets.xcassets"; sourceTree = "<group>"; };
		6BFF295C2A6C0D1C00914A8E /* DarockBili Watch App.app */ = {isa = PBXFileReference; explicitFileType = wrapper.application; includeInIndex = 0; path = "DarockBili Watch App.app"; sourceTree = BUILT_PRODUCTS_DIR; };
		6BFF29A72A6C25FC00914A8E /* Info.plist */ = {isa = PBXFileReference; lastKnownFileType = text.plist; path = Info.plist; sourceTree = "<group>"; };
/* End PBXFileReference section */

/* Begin PBXFrameworksBuildPhase section */
		6BFF28FF2A6C0B3A00914A8E /* Frameworks */ = {
			isa = PBXFrameworksBuildPhase;
			buildActionMask = 2147483647;
			files = (
				6BFF29A62A6C10EB00914A8E /* DarockKit in Frameworks */,
			);
			runOnlyForDeploymentPostprocessing = 0;
		};
		6BFF29592A6C0D1C00914A8E /* Frameworks */ = {
			isa = PBXFrameworksBuildPhase;
			buildActionMask = 2147483647;
			files = (
				6BC8CB3E2A6D768700D2E9E9 /* Dynamic in Frameworks */,
				6BC8CB2A2A6D758000D2E9E9 /* SDWebImageSwiftUI in Frameworks */,
				6BC8CB362A6D758000D2E9E9 /* CachedAsyncImage in Frameworks */,
				6BC8CB282A6D758000D2E9E9 /* EFQRCode in Frameworks */,
				6BC8CB2C2A6D758000D2E9E9 /* SDWebImageWebPCoder in Frameworks */,
				6BC8CB302A6D758000D2E9E9 /* SDWebImagePDFCoder in Frameworks */,
				6BC8CB342A6D758000D2E9E9 /* DarockKit in Frameworks */,
				6B37B4BD2A715EF900F26F1A /* SFSymbol in Frameworks */,
				6BC8CB2E2A6D758000D2E9E9 /* SDWebImageSVGCoder in Frameworks */,
				6BC8CB322A6D758000D2E9E9 /* SwiftSoup in Frameworks */,
			);
			runOnlyForDeploymentPostprocessing = 0;
		};
/* End PBXFrameworksBuildPhase section */

/* Begin PBXGroup section */
		6B0253AD2A4EF59600567986 = {
			isa = PBXGroup;
			children = (
				6BFF29032A6C0B3A00914A8E /* DarockBili */,
				6B0253BE2A4EF59600567986 /* DarockBili Watch App */,
				6B0253B52A4EF59600567986 /* Products */,
				6BFF29962A6C0EC200914A8E /* Frameworks */,
			);
			sourceTree = "<group>";
		};
		6B0253B52A4EF59600567986 /* Products */ = {
			isa = PBXGroup;
			children = (
				6BFF29022A6C0B3A00914A8E /* DarockBili.app */,
				6BFF295C2A6C0D1C00914A8E /* DarockBili Watch App.app */,
			);
			name = Products;
			sourceTree = "<group>";
		};
		6B0253BE2A4EF59600567986 /* DarockBili Watch App */ = {
			isa = PBXGroup;
			children = (
				6B4FC05C2A70172B00164A5B /* DarockBili-Bridging-Header.h */,
				6B56A9242A53CFC10089DD31 /* Localizable.xcstrings */,
				6B0253DB2A4F109700567986 /* DarockBili-Watch-App-Info.plist */,
				6B0253BF2A4EF59600567986 /* DarockBiliApp.swift */,
				6BC8CB152A6CEBDC00D2E9E9 /* Extension */,
				6B91C4A72A5597F60020259E /* InMain */,
				6B6790A12A52965900FAE216 /* PersonalCenter */,
				6B6790A22A52968300FAE216 /* Video */,
				6B91C4A52A5597C20020259E /* Others */,
				6B91C4A62A5597E10020259E /* Errors */,
				6B0253C32A4EF59700567986 /* Assets.xcassets */,
				6B0253C52A4EF59700567986 /* Preview Content */,
			);
			path = "DarockBili Watch App";
			sourceTree = "<group>";
		};
		6B0253C52A4EF59700567986 /* Preview Content */ = {
			isa = PBXGroup;
			children = (
				6B0253C62A4EF59700567986 /* Preview Assets.xcassets */,
			);
			path = "Preview Content";
			sourceTree = "<group>";
		};
		6B2D76492A610E9E00AA57DA /* Backtrace */ = {
			isa = PBXGroup;
			children = (
				6B2D76472A610E7000AA57DA /* Backtrace.swift */,
				6B2D764A2A610EC800AA57DA /* backtrace.h */,
				6B2D764B2A610EC800AA57DA /* backtrace.c */,
			);
			path = Backtrace;
			sourceTree = "<group>";
		};
		6B4FC0552A6FA44C00164A5B /* bMessage */ = {
			isa = PBXGroup;
			children = (
				6B4FC0562A6FA49B00164A5B /* bMessageSendView.swift */,
			);
			path = bMessage;
			sourceTree = "<group>";
		};
		6B4FC0582A70169800164A5B /* CCodes */ = {
			isa = PBXGroup;
			children = (
				6B4FC05B2A7016DF00164A5B /* CodingTime.h */,
				6B4FC0592A7016CE00164A5B /* CodingTime.m */,
				6B0A562B2A714DB300D0CC32 /* AVExtension.h */,
				6B37B4B62A714DDE00F26F1A /* AVExtension.m */,
			);
			path = CCodes;
			sourceTree = "<group>";
		};
		6B6790A12A52965900FAE216 /* PersonalCenter */ = {
			isa = PBXGroup;
			children = (
				6B4FC0552A6FA44C00164A5B /* bMessage */,
				6B0253E12A4F23DB00567986 /* PersonAccountView.swift */,
				6BBFF7BD2A50040E00DE050E /* FollowListView.swift */,
				6BBFF7BF2A50046C00DE050E /* UserDetailView.swift */,
				6BBFF7D52A5073FC00DE050E /* ArticleView.swift */,
				6B56A9002A53B8D30089DD31 /* DownloadsView.swift */,
				6B6790A32A5296FB00FAE216 /* HistoryView.swift */,
				6B56A8FE2A53A9F80089DD31 /* FavoriteView.swift */,
				6B56A9262A53E6850089DD31 /* WatchLaterView.swift */,
			);
			path = PersonalCenter;
			sourceTree = "<group>";
		};
		6B6790A22A52968300FAE216 /* Video */ = {
			isa = PBXGroup;
			children = (
				6B0253DC2A4F155800567986 /* VideoDetailView.swift */,
				6B0253DE2A4F1DCF00567986 /* VideoPlayerView.swift */,
				6BC8CB3F2A6D7F6F00D2E9E9 /* AudioPlayerView.swift */,
				6BBFA2BD2A51236900FE61D1 /* VideoCommentsView.swift */,
				6B56A9022A53B9770089DD31 /* VideoDownloadView.swift */,
			);
			path = Video;
			sourceTree = "<group>";
		};
		6B8C2AFB2A601990001FEC85 /* DarockFeedback */ = {
			isa = PBXGroup;
			children = (
				6B8C2AFE2A601E36001FEC85 /* FeedbackEnterView.swift */,
				6B8C2AFC2A6019B6001FEC85 /* FeedbackLoginView.swift */,
				6B8C2B002A601E57001FEC85 /* FeedbackMainView.swift */,
				6B8C2B022A6020F2001FEC85 /* FeedbackDetailsView.swift */,
			);
			path = DarockFeedback;
			sourceTree = "<group>";
		};
		6B91C4A52A5597C20020259E /* Others */ = {
			isa = PBXGroup;
			children = (
				6B4FC0582A70169800164A5B /* CCodes */,
				6B0253E32A4F265100567986 /* LoginView.swift */,
				6BBFA2C42A515D8B00FE61D1 /* FirstUsingView.swift */,
				6B91C4A82A5598260020259E /* SettingsView.swift */,
				6BBFA2C22A512CF500FE61D1 /* AboutView.swift */,
				6BBFA32C2A51C39F00FE61D1 /* NoticeView.swift */,
			);
			path = Others;
			sourceTree = "<group>";
		};
		6B91C4A62A5597E10020259E /* Errors */ = {
			isa = PBXGroup;
			children = (
				6B2D76492A610E9E00AA57DA /* Backtrace */,
				6B8C2AFB2A601990001FEC85 /* DarockFeedback */,
				6B91C4AC2A55A40D0020259E /* FeedbackView.swift */,
				6BA3F5692A543B3A0016BD8D /* ErrorGetView.swift */,
				6BF6B5CE2A544A1F004A31BC /* NetworkFixView.swift */,
				6B2D764D2A61154300AA57DA /* SignalErrorView.swift */,
				6B9943852A6E257100E2F5D5 /* MemoryWarningView.swift */,
			);
			path = Errors;
			sourceTree = "<group>";
		};
		6B91C4A72A5597F60020259E /* InMain */ = {
			isa = PBXGroup;
			children = (
				6B0253C12A4EF59600567986 /* ContentView.swift */,
				6B0253D42A4EF64C00567986 /* MainView.swift */,
				6BBFF7D02A50411400DE050E /* SearchView.swift */,
			);
			path = InMain;
			sourceTree = "<group>";
		};
		6BC8CB152A6CEBDC00D2E9E9 /* Extension */ = {
			isa = PBXGroup;
			children = (
				6BC8CB182A6CEC5F00D2E9E9 /* ColorThief */,
				6B56A9042A53BD330089DD31 /* AppFileManager.swift */,
				6BE4AA792A56798600F18565 /* CodeExt.swift */,
				6B2773C02A599FE300950EB7 /* UIExt.swift */,
			);
			path = Extension;
			sourceTree = "<group>";
		};
		6BC8CB182A6CEC5F00D2E9E9 /* ColorThief */ = {
			isa = PBXGroup;
			children = (
				6BC8CB192A6CEC7400D2E9E9 /* ColorThief.swift */,
				6BC8CB1B2A6CEC8400D2E9E9 /* MMCQ.swift */,
			);
			path = ColorThief;
			sourceTree = "<group>";
		};
		6BFF29032A6C0B3A00914A8E /* DarockBili */ = {
			isa = PBXGroup;
			children = (
				6BFF29A72A6C25FC00914A8E /* Info.plist */,
				6BFF29042A6C0B3A00914A8E /* DarockBiliApp.swift */,
				6BFF29062A6C0B3A00914A8E /* ContentView.swift */,
				6BFF29082A6C0B3F00914A8E /* Assets.xcassets */,
				6BFF290A2A6C0B3F00914A8E /* Preview Content */,
			);
			path = DarockBili;
			sourceTree = "<group>";
		};
		6BFF290A2A6C0B3F00914A8E /* Preview Content */ = {
			isa = PBXGroup;
			children = (
				6BFF290B2A6C0B3F00914A8E /* Preview Assets.xcassets */,
			);
			path = "Preview Content";
			sourceTree = "<group>";
		};
		6BFF29962A6C0EC200914A8E /* Frameworks */ = {
			isa = PBXGroup;
			children = (
			);
			name = Frameworks;
			sourceTree = "<group>";
		};
/* End PBXGroup section */

/* Begin PBXNativeTarget section */
		6BFF29012A6C0B3A00914A8E /* DarockBili */ = {
			isa = PBXNativeTarget;
			buildConfigurationList = 6BFF290D2A6C0B3F00914A8E /* Build configuration list for PBXNativeTarget "DarockBili" */;
			buildPhases = (
				6BFF28FE2A6C0B3A00914A8E /* Sources */,
				6BFF28FF2A6C0B3A00914A8E /* Frameworks */,
				6BFF29002A6C0B3A00914A8E /* Resources */,
				6BFF296D2A6C0D2100914A8E /* Embed Watch Content */,
			);
			buildRules = (
			);
			dependencies = (
				6BFF29682A6C0D2100914A8E /* PBXTargetDependency */,
			);
			name = DarockBili;
			packageProductDependencies = (
				6BFF29A52A6C10EB00914A8E /* DarockKit */,
			);
			productName = DarockBili;
			productReference = 6BFF29022A6C0B3A00914A8E /* DarockBili.app */;
			productType = "com.apple.product-type.application";
		};
		6BFF295B2A6C0D1C00914A8E /* DarockBili Watch App */ = {
			isa = PBXNativeTarget;
			buildConfigurationList = 6BFF296A2A6C0D2100914A8E /* Build configuration list for PBXNativeTarget "DarockBili Watch App" */;
			buildPhases = (
				6BFF29582A6C0D1C00914A8E /* Sources */,
				6BFF29592A6C0D1C00914A8E /* Frameworks */,
				6BFF295A2A6C0D1C00914A8E /* Resources */,
			);
			buildRules = (
			);
			dependencies = (
			);
			name = "DarockBili Watch App";
			packageProductDependencies = (
				6BC8CB272A6D758000D2E9E9 /* EFQRCode */,
				6BC8CB292A6D758000D2E9E9 /* SDWebImageSwiftUI */,
				6BC8CB2B2A6D758000D2E9E9 /* SDWebImageWebPCoder */,
				6BC8CB2D2A6D758000D2E9E9 /* SDWebImageSVGCoder */,
				6BC8CB2F2A6D758000D2E9E9 /* SDWebImagePDFCoder */,
				6BC8CB312A6D758000D2E9E9 /* SwiftSoup */,
				6BC8CB332A6D758000D2E9E9 /* DarockKit */,
				6BC8CB352A6D758000D2E9E9 /* CachedAsyncImage */,
				6BC8CB3D2A6D768700D2E9E9 /* Dynamic */,
				6B37B4BC2A715EF900F26F1A /* SFSymbol */,
			);
			productName = "DarockBili WatchKit App Watch App";
			productReference = 6BFF295C2A6C0D1C00914A8E /* DarockBili Watch App.app */;
			productType = "com.apple.product-type.application";
		};
/* End PBXNativeTarget section */

/* Begin PBXProject section */
		6B0253AE2A4EF59600567986 /* Project object */ = {
			isa = PBXProject;
			attributes = {
				BuildIndependentTargetsInParallel = 1;
				LastSwiftUpdateCheck = 1500;
				LastUpgradeCheck = 1500;
				TargetAttributes = {
					6BFF29012A6C0B3A00914A8E = {
						CreatedOnToolsVersion = 15.0;
					};
					6BFF295B2A6C0D1C00914A8E = {
						CreatedOnToolsVersion = 15.0;
					};
				};
			};
			buildConfigurationList = 6B0253B12A4EF59600567986 /* Build configuration list for PBXProject "DarockBili" */;
			compatibilityVersion = "Xcode 14.0";
			developmentRegion = "zh-Hans";
			hasScannedForEncodings = 0;
			knownRegions = (
				en,
				Base,
				"zh-Hans",
			);
			mainGroup = 6B0253AD2A4EF59600567986;
			packageReferences = (
				6BBFF7BA2A4FF18100DE050E /* XCRemoteSwiftPackageReference "EFQRCode" */,
				6BBFF7C12A5012B800DE050E /* XCRemoteSwiftPackageReference "SDWebImageSwiftUI" */,
				6BBFF7C42A5012DB00DE050E /* XCRemoteSwiftPackageReference "SDWebImageWebPCoder" */,
				6BBFF7C72A5012EC00DE050E /* XCRemoteSwiftPackageReference "SDWebImageSVGCoder" */,
				6BBFF7CA2A5012FF00DE050E /* XCRemoteSwiftPackageReference "SDWebImagePDFCoder" */,
				6BBFF7D22A50737C00DE050E /* XCRemoteSwiftPackageReference "SwiftSoup" */,
				6BA1E5492A6AF2A900293B2C /* XCRemoteSwiftPackageReference "DarockKit" */,
				6BC8CB1D2A6CF48400D2E9E9 /* XCRemoteSwiftPackageReference "swiftui-cached-async-image" */,
				6BC8CB3C2A6D768700D2E9E9 /* XCRemoteSwiftPackageReference "Dynamic" */,
				6B37B4BB2A715EF800F26F1A /* XCRemoteSwiftPackageReference "SFSymbol" */,
			);
			productRefGroup = 6B0253B52A4EF59600567986 /* Products */;
			projectDirPath = "";
			projectRoot = "";
			targets = (
				6BFF29012A6C0B3A00914A8E /* DarockBili */,
				6BFF295B2A6C0D1C00914A8E /* DarockBili Watch App */,
			);
		};
/* End PBXProject section */

/* Begin PBXResourcesBuildPhase section */
		6BFF29002A6C0B3A00914A8E /* Resources */ = {
			isa = PBXResourcesBuildPhase;
			buildActionMask = 2147483647;
			files = (
				6BFF290C2A6C0B3F00914A8E /* Preview Assets.xcassets in Resources */,
				6BFF29092A6C0B3F00914A8E /* Assets.xcassets in Resources */,
			);
			runOnlyForDeploymentPostprocessing = 0;
		};
		6BFF295A2A6C0D1C00914A8E /* Resources */ = {
			isa = PBXResourcesBuildPhase;
			buildActionMask = 2147483647;
			files = (
				6BFF29722A6C0DE500914A8E /* DarockBili-Watch-App-Info.plist in Resources */,
				6BFF29952A6C0E2200914A8E /* Preview Assets.xcassets in Resources */,
				6BFF29902A6C0E1D00914A8E /* Assets.xcassets in Resources */,
			);
			runOnlyForDeploymentPostprocessing = 0;
		};
/* End PBXResourcesBuildPhase section */

/* Begin PBXSourcesBuildPhase section */
		6BFF28FE2A6C0B3A00914A8E /* Sources */ = {
			isa = PBXSourcesBuildPhase;
			buildActionMask = 2147483647;
			files = (
				6BFF29072A6C0B3A00914A8E /* ContentView.swift in Sources */,
				6BFF29052A6C0B3A00914A8E /* DarockBiliApp.swift in Sources */,
			);
			runOnlyForDeploymentPostprocessing = 0;
		};
		6BFF29582A6C0D1C00914A8E /* Sources */ = {
			isa = PBXSourcesBuildPhase;
			buildActionMask = 2147483647;
			files = (
				6B4FC0572A6FA49B00164A5B /* bMessageSendView.swift in Sources */,
				6BFF29882A6C0DFF00914A8E /* NoticeView.swift in Sources */,
				6BFF29852A6C0DFF00914A8E /* SettingsView.swift in Sources */,
				6B37B4B72A714DDE00F26F1A /* AVExtension.m in Sources */,
				6BFF29732A6C0DE600914A8E /* CodeExt.swift in Sources */,
				6BFF29832A6C0DFC00914A8E /* VideoDetailView.swift in Sources */,
				6BFF29782A6C0DF900914A8E /* FollowListView.swift in Sources */,
				6BFF29942A6C0E1D00914A8E /* SignalErrorView.swift in Sources */,
				6BC8CB1C2A6CEC8400D2E9E9 /* MMCQ.swift in Sources */,
				6BFF29822A6C0DFC00914A8E /* VideoDownloadView.swift in Sources */,
				6BFF297D2A6C0DF900914A8E /* PersonAccountView.swift in Sources */,
				6BFF29762A6C0DF500914A8E /* MainView.swift in Sources */,
				6BFF298A2A6C0E0B00914A8E /* Backtrace.swift in Sources */,
				6BC8CB1A2A6CEC7400D2E9E9 /* ColorThief.swift in Sources */,
				6BFF297E2A6C0DF900914A8E /* UserDetailView.swift in Sources */,
				6BFF298C2A6C0E1D00914A8E /* FeedbackMainView.swift in Sources */,
				6BFF29862A6C0DFF00914A8E /* LoginView.swift in Sources */,
				6BFF29752A6C0DF500914A8E /* ContentView.swift in Sources */,
				6BFF297C2A6C0DF900914A8E /* DownloadsView.swift in Sources */,
				6B4FC05A2A7016CE00164A5B /* CodingTime.m in Sources */,
				6BFF297F2A6C0DF900914A8E /* ArticleView.swift in Sources */,
				6BFF298E2A6C0E1D00914A8E /* NetworkFixView.swift in Sources */,
				6BFF29912A6C0E1D00914A8E /* FeedbackEnterView.swift in Sources */,
				6BFF29772A6C0DF500914A8E /* SearchView.swift in Sources */,
				6BFF29712A6C0DE500914A8E /* DarockBiliApp.swift in Sources */,
				6BFF29932A6C0E1D00914A8E /* FeedbackLoginView.swift in Sources */,
				6BFF296E2A6C0DE500914A8E /* AppFileManager.swift in Sources */,
				6BFF29922A6C0E1D00914A8E /* FeedbackDetailsView.swift in Sources */,
				6BFF29792A6C0DF900914A8E /* HistoryView.swift in Sources */,
				6BFF298B2A6C0E1900914A8E /* backtrace.c in Sources */,
				6BFF29842A6C0DFC00914A8E /* VideoCommentsView.swift in Sources */,
				6BFF29892A6C0DFF00914A8E /* AboutView.swift in Sources */,
				6BC8CB402A6D7F6F00D2E9E9 /* AudioPlayerView.swift in Sources */,
				6BFF29872A6C0DFF00914A8E /* FirstUsingView.swift in Sources */,
				6BFF297A2A6C0DF900914A8E /* FavoriteView.swift in Sources */,
				6BFF298D2A6C0E1D00914A8E /* ErrorGetView.swift in Sources */,
				6B9943862A6E257100E2F5D5 /* MemoryWarningView.swift in Sources */,
				6BFF297B2A6C0DF900914A8E /* WatchLaterView.swift in Sources */,
				6BFF296F2A6C0DE500914A8E /* UIExt.swift in Sources */,
				6BFF298F2A6C0E1D00914A8E /* FeedbackView.swift in Sources */,
				6BFF29802A6C0DFC00914A8E /* VideoPlayerView.swift in Sources */,
			);
			runOnlyForDeploymentPostprocessing = 0;
		};
/* End PBXSourcesBuildPhase section */

/* Begin PBXTargetDependency section */
		6BFF29682A6C0D2100914A8E /* PBXTargetDependency */ = {
			isa = PBXTargetDependency;
			target = 6BFF295B2A6C0D1C00914A8E /* DarockBili Watch App */;
			targetProxy = 6BFF29672A6C0D2100914A8E /* PBXContainerItemProxy */;
		};
/* End PBXTargetDependency section */

/* Begin XCBuildConfiguration section */
		6B0253C82A4EF59700567986 /* Debug */ = {
			isa = XCBuildConfiguration;
			buildSettings = {
				ALWAYS_SEARCH_USER_PATHS = NO;
				ASSETCATALOG_COMPILER_GENERATE_SWIFT_ASSET_SYMBOL_EXTENSIONS = YES;
				CLANG_ANALYZER_NONNULL = YES;
				CLANG_ANALYZER_NUMBER_OBJECT_CONVERSION = YES_AGGRESSIVE;
				CLANG_CXX_LANGUAGE_STANDARD = "gnu++20";
				CLANG_ENABLE_MODULES = YES;
				CLANG_ENABLE_OBJC_ARC = YES;
				CLANG_ENABLE_OBJC_WEAK = YES;
				CLANG_WARN_BLOCK_CAPTURE_AUTORELEASING = YES;
				CLANG_WARN_BOOL_CONVERSION = YES;
				CLANG_WARN_COMMA = YES;
				CLANG_WARN_CONSTANT_CONVERSION = YES;
				CLANG_WARN_DEPRECATED_OBJC_IMPLEMENTATIONS = YES;
				CLANG_WARN_DIRECT_OBJC_ISA_USAGE = YES_ERROR;
				CLANG_WARN_DOCUMENTATION_COMMENTS = YES;
				CLANG_WARN_EMPTY_BODY = YES;
				CLANG_WARN_ENUM_CONVERSION = YES;
				CLANG_WARN_INFINITE_RECURSION = YES;
				CLANG_WARN_INT_CONVERSION = YES;
				CLANG_WARN_NON_LITERAL_NULL_CONVERSION = YES;
				CLANG_WARN_OBJC_IMPLICIT_RETAIN_SELF = YES;
				CLANG_WARN_OBJC_LITERAL_CONVERSION = YES;
				CLANG_WARN_OBJC_ROOT_CLASS = YES_ERROR;
				CLANG_WARN_QUOTED_INCLUDE_IN_FRAMEWORK_HEADER = YES;
				CLANG_WARN_RANGE_LOOP_ANALYSIS = YES;
				CLANG_WARN_STRICT_PROTOTYPES = YES;
				CLANG_WARN_SUSPICIOUS_MOVE = YES;
				CLANG_WARN_UNGUARDED_AVAILABILITY = YES_AGGRESSIVE;
				CLANG_WARN_UNREACHABLE_CODE = YES;
				CLANG_WARN__DUPLICATE_METHOD_MATCH = YES;
				COPY_PHASE_STRIP = NO;
				DEBUG_INFORMATION_FORMAT = dwarf;
				ENABLE_STRICT_OBJC_MSGSEND = YES;
				ENABLE_TESTABILITY = YES;
				ENABLE_USER_SCRIPT_SANDBOXING = YES;
				GCC_C_LANGUAGE_STANDARD = gnu17;
				GCC_DYNAMIC_NO_PIC = NO;
				GCC_NO_COMMON_BLOCKS = YES;
				GCC_OPTIMIZATION_LEVEL = 0;
				GCC_PREPROCESSOR_DEFINITIONS = (
					"DEBUG=1",
					"$(inherited)",
				);
				GCC_WARN_64_TO_32_BIT_CONVERSION = YES;
				GCC_WARN_ABOUT_RETURN_TYPE = YES_ERROR;
				GCC_WARN_UNDECLARED_SELECTOR = YES;
				GCC_WARN_UNINITIALIZED_AUTOS = YES_AGGRESSIVE;
				GCC_WARN_UNUSED_FUNCTION = YES;
				GCC_WARN_UNUSED_VARIABLE = YES;
				LOCALIZATION_PREFERS_STRING_CATALOGS = YES;
				MTL_ENABLE_DEBUG_INFO = INCLUDE_SOURCE;
				MTL_FAST_MATH = YES;
				ONLY_ACTIVE_ARCH = YES;
				SWIFT_ACTIVE_COMPILATION_CONDITIONS = "DEBUG $(inherited)";
				SWIFT_OPTIMIZATION_LEVEL = "-Onone";
			};
			name = Debug;
		};
		6B0253C92A4EF59700567986 /* Release */ = {
			isa = XCBuildConfiguration;
			buildSettings = {
				ALWAYS_SEARCH_USER_PATHS = NO;
				ASSETCATALOG_COMPILER_GENERATE_SWIFT_ASSET_SYMBOL_EXTENSIONS = YES;
				CLANG_ANALYZER_NONNULL = YES;
				CLANG_ANALYZER_NUMBER_OBJECT_CONVERSION = YES_AGGRESSIVE;
				CLANG_CXX_LANGUAGE_STANDARD = "gnu++20";
				CLANG_ENABLE_MODULES = YES;
				CLANG_ENABLE_OBJC_ARC = YES;
				CLANG_ENABLE_OBJC_WEAK = YES;
				CLANG_WARN_BLOCK_CAPTURE_AUTORELEASING = YES;
				CLANG_WARN_BOOL_CONVERSION = YES;
				CLANG_WARN_COMMA = YES;
				CLANG_WARN_CONSTANT_CONVERSION = YES;
				CLANG_WARN_DEPRECATED_OBJC_IMPLEMENTATIONS = YES;
				CLANG_WARN_DIRECT_OBJC_ISA_USAGE = YES_ERROR;
				CLANG_WARN_DOCUMENTATION_COMMENTS = YES;
				CLANG_WARN_EMPTY_BODY = YES;
				CLANG_WARN_ENUM_CONVERSION = YES;
				CLANG_WARN_INFINITE_RECURSION = YES;
				CLANG_WARN_INT_CONVERSION = YES;
				CLANG_WARN_NON_LITERAL_NULL_CONVERSION = YES;
				CLANG_WARN_OBJC_IMPLICIT_RETAIN_SELF = YES;
				CLANG_WARN_OBJC_LITERAL_CONVERSION = YES;
				CLANG_WARN_OBJC_ROOT_CLASS = YES_ERROR;
				CLANG_WARN_QUOTED_INCLUDE_IN_FRAMEWORK_HEADER = YES;
				CLANG_WARN_RANGE_LOOP_ANALYSIS = YES;
				CLANG_WARN_STRICT_PROTOTYPES = YES;
				CLANG_WARN_SUSPICIOUS_MOVE = YES;
				CLANG_WARN_UNGUARDED_AVAILABILITY = YES_AGGRESSIVE;
				CLANG_WARN_UNREACHABLE_CODE = YES;
				CLANG_WARN__DUPLICATE_METHOD_MATCH = YES;
				COPY_PHASE_STRIP = NO;
				DEBUG_INFORMATION_FORMAT = "dwarf-with-dsym";
				ENABLE_NS_ASSERTIONS = NO;
				ENABLE_STRICT_OBJC_MSGSEND = YES;
				ENABLE_USER_SCRIPT_SANDBOXING = YES;
				GCC_C_LANGUAGE_STANDARD = gnu17;
				GCC_NO_COMMON_BLOCKS = YES;
				GCC_WARN_64_TO_32_BIT_CONVERSION = YES;
				GCC_WARN_ABOUT_RETURN_TYPE = YES_ERROR;
				GCC_WARN_UNDECLARED_SELECTOR = YES;
				GCC_WARN_UNINITIALIZED_AUTOS = YES_AGGRESSIVE;
				GCC_WARN_UNUSED_FUNCTION = YES;
				GCC_WARN_UNUSED_VARIABLE = YES;
				LOCALIZATION_PREFERS_STRING_CATALOGS = YES;
				MTL_ENABLE_DEBUG_INFO = NO;
				MTL_FAST_MATH = YES;
				SWIFT_COMPILATION_MODE = wholemodule;
			};
			name = Release;
		};
		6BFF290E2A6C0B3F00914A8E /* Debug */ = {
			isa = XCBuildConfiguration;
			buildSettings = {
				ALWAYS_EMBED_SWIFT_STANDARD_LIBRARIES = YES;
				ASSETCATALOG_COMPILER_APPICON_NAME = AppIcon;
				ASSETCATALOG_COMPILER_GLOBAL_ACCENT_COLOR_NAME = AccentColor;
				CODE_SIGN_ENTITLEMENTS = "";
				CODE_SIGN_STYLE = Automatic;
				CURRENT_PROJECT_VERSION = 149;
				DEVELOPMENT_ASSET_PATHS = "\"DarockBili/Preview Content\"";
				DEVELOPMENT_TEAM = B57D8PP775;
				ENABLE_PREVIEWS = YES;
				GENERATE_INFOPLIST_FILE = YES;
				INFOPLIST_FILE = DarockBili/Info.plist;
				INFOPLIST_KEY_CFBundleDisplayName = "喵哩喵哩";
				INFOPLIST_KEY_UIApplicationSceneManifest_Generation = YES;
				INFOPLIST_KEY_UIApplicationSupportsIndirectInputEvents = YES;
				INFOPLIST_KEY_UILaunchScreen_Generation = YES;
				INFOPLIST_KEY_UISupportedInterfaceOrientations = UIInterfaceOrientationPortrait;
				INFOPLIST_KEY_UISupportedInterfaceOrientations_iPad = "UIInterfaceOrientationLandscapeLeft UIInterfaceOrientationLandscapeRight UIInterfaceOrientationPortrait UIInterfaceOrientationPortraitUpsideDown";
				IPHONEOS_DEPLOYMENT_TARGET = 16.0;
				LD_RUNPATH_SEARCH_PATHS = (
					"$(inherited)",
					"@executable_path/Frameworks",
				);
				MARKETING_VERSION = 1.0.0;
				PRODUCT_BUNDLE_IDENTIFIER = com.darock.DarockBili;
				PRODUCT_NAME = "$(TARGET_NAME)";
				SDKROOT = iphoneos;
				SUPPORTED_PLATFORMS = "iphoneos iphonesimulator";
				SUPPORTS_MACCATALYST = NO;
				SUPPORTS_MAC_DESIGNED_FOR_IPHONE_IPAD = NO;
				SUPPORTS_XR_DESIGNED_FOR_IPHONE_IPAD = NO;
				SWIFT_EMIT_LOC_STRINGS = YES;
				SWIFT_VERSION = 5.0;
				TARGETED_DEVICE_FAMILY = 1;
			};
			name = Debug;
		};
		6BFF290F2A6C0B3F00914A8E /* Release */ = {
			isa = XCBuildConfiguration;
			buildSettings = {
				ALWAYS_EMBED_SWIFT_STANDARD_LIBRARIES = YES;
				ASSETCATALOG_COMPILER_APPICON_NAME = AppIcon;
				ASSETCATALOG_COMPILER_GLOBAL_ACCENT_COLOR_NAME = AccentColor;
				CODE_SIGN_ENTITLEMENTS = "";
				CODE_SIGN_STYLE = Automatic;
				CURRENT_PROJECT_VERSION = 149;
				DEVELOPMENT_ASSET_PATHS = "\"DarockBili/Preview Content\"";
				DEVELOPMENT_TEAM = B57D8PP775;
				ENABLE_PREVIEWS = YES;
				GENERATE_INFOPLIST_FILE = YES;
				INFOPLIST_FILE = DarockBili/Info.plist;
				INFOPLIST_KEY_CFBundleDisplayName = "喵哩喵哩";
				INFOPLIST_KEY_UIApplicationSceneManifest_Generation = YES;
				INFOPLIST_KEY_UIApplicationSupportsIndirectInputEvents = YES;
				INFOPLIST_KEY_UILaunchScreen_Generation = YES;
				INFOPLIST_KEY_UISupportedInterfaceOrientations = UIInterfaceOrientationPortrait;
				INFOPLIST_KEY_UISupportedInterfaceOrientations_iPad = "UIInterfaceOrientationLandscapeLeft UIInterfaceOrientationLandscapeRight UIInterfaceOrientationPortrait UIInterfaceOrientationPortraitUpsideDown";
				IPHONEOS_DEPLOYMENT_TARGET = 16.0;
				LD_RUNPATH_SEARCH_PATHS = (
					"$(inherited)",
					"@executable_path/Frameworks",
				);
				MARKETING_VERSION = 1.0.0;
				PRODUCT_BUNDLE_IDENTIFIER = com.darock.DarockBili;
				PRODUCT_NAME = "$(TARGET_NAME)";
				SDKROOT = iphoneos;
				SUPPORTED_PLATFORMS = "iphoneos iphonesimulator";
				SUPPORTS_MACCATALYST = NO;
				SUPPORTS_MAC_DESIGNED_FOR_IPHONE_IPAD = NO;
				SUPPORTS_XR_DESIGNED_FOR_IPHONE_IPAD = NO;
				SWIFT_EMIT_LOC_STRINGS = YES;
				SWIFT_VERSION = 5.0;
				TARGETED_DEVICE_FAMILY = 1;
				VALIDATE_PRODUCT = YES;
			};
			name = Release;
		};
		6BFF296B2A6C0D2100914A8E /* Debug */ = {
			isa = XCBuildConfiguration;
			buildSettings = {
				ASSETCATALOG_COMPILER_APPICON_NAME = AppIcon;
				ASSETCATALOG_COMPILER_GLOBAL_ACCENT_COLOR_NAME = AccentColor;
				CODE_SIGN_ENTITLEMENTS = "";
				CODE_SIGN_STYLE = Automatic;
				CURRENT_PROJECT_VERSION = 149;
				DEFINES_MODULE = YES;
				DEVELOPMENT_ASSET_PATHS = "\"DarockBili Watch App/Preview Content\"";
				DEVELOPMENT_TEAM = B57D8PP775;
				ENABLE_PREVIEWS = YES;
				GENERATE_INFOPLIST_FILE = YES;
				INFOPLIST_FILE = "DarockBili-Watch-App-Info.plist";
				INFOPLIST_KEY_CFBundleDisplayName = "喵哩喵哩";
				INFOPLIST_KEY_UISupportedInterfaceOrientations = "UIInterfaceOrientationPortrait UIInterfaceOrientationPortraitUpsideDown";
				INFOPLIST_KEY_WKCompanionAppBundleIdentifier = com.darock.DarockBili;
				INFOPLIST_KEY_WKRunsIndependentlyOfCompanionApp = YES;
				LD_RUNPATH_SEARCH_PATHS = (
					"$(inherited)",
					"@executable_path/Frameworks",
				);
				MARKETING_VERSION = 1.0.0;
				PRODUCT_BUNDLE_IDENTIFIER = com.darock.DarockBili.watchkitapp;
				PRODUCT_NAME = "$(TARGET_NAME)";
				SDKROOT = watchos;
				SKIP_INSTALL = YES;
				SWIFT_EMIT_LOC_STRINGS = YES;
				SWIFT_OBJC_BRIDGING_HEADER = "DarockBili Watch App/DarockBili-Bridging-Header.h";
				SWIFT_VERSION = 5.0;
				TARGETED_DEVICE_FAMILY = 4;
				WATCHOS_DEPLOYMENT_TARGET = 9.0;
			};
			name = Debug;
		};
		6BFF296C2A6C0D2100914A8E /* Release */ = {
			isa = XCBuildConfiguration;
			buildSettings = {
				ASSETCATALOG_COMPILER_APPICON_NAME = AppIcon;
				ASSETCATALOG_COMPILER_GLOBAL_ACCENT_COLOR_NAME = AccentColor;
				CODE_SIGN_ENTITLEMENTS = "";
				CODE_SIGN_STYLE = Automatic;
				CURRENT_PROJECT_VERSION = 149;
				DEFINES_MODULE = YES;
				DEVELOPMENT_ASSET_PATHS = "\"DarockBili Watch App/Preview Content\"";
				DEVELOPMENT_TEAM = B57D8PP775;
				ENABLE_PREVIEWS = YES;
				GENERATE_INFOPLIST_FILE = YES;
				INFOPLIST_FILE = "DarockBili-Watch-App-Info.plist";
				INFOPLIST_KEY_CFBundleDisplayName = "喵哩喵哩";
				INFOPLIST_KEY_UISupportedInterfaceOrientations = "UIInterfaceOrientationPortrait UIInterfaceOrientationPortraitUpsideDown";
				INFOPLIST_KEY_WKCompanionAppBundleIdentifier = com.darock.DarockBili;
				INFOPLIST_KEY_WKRunsIndependentlyOfCompanionApp = YES;
				LD_RUNPATH_SEARCH_PATHS = (
					"$(inherited)",
					"@executable_path/Frameworks",
				);
				MARKETING_VERSION = 1.0.0;
				PRODUCT_BUNDLE_IDENTIFIER = com.darock.DarockBili.watchkitapp;
				PRODUCT_NAME = "$(TARGET_NAME)";
				SDKROOT = watchos;
				SKIP_INSTALL = YES;
				SWIFT_EMIT_LOC_STRINGS = YES;
				SWIFT_OBJC_BRIDGING_HEADER = "DarockBili Watch App/DarockBili-Bridging-Header.h";
				SWIFT_VERSION = 5.0;
				TARGETED_DEVICE_FAMILY = 4;
				VALIDATE_PRODUCT = YES;
				WATCHOS_DEPLOYMENT_TARGET = 9.0;
			};
			name = Release;
		};
/* End XCBuildConfiguration section */

/* Begin XCConfigurationList section */
		6B0253B12A4EF59600567986 /* Build configuration list for PBXProject "DarockBili" */ = {
			isa = XCConfigurationList;
			buildConfigurations = (
				6B0253C82A4EF59700567986 /* Debug */,
				6B0253C92A4EF59700567986 /* Release */,
			);
			defaultConfigurationIsVisible = 0;
			defaultConfigurationName = Release;
		};
		6BFF290D2A6C0B3F00914A8E /* Build configuration list for PBXNativeTarget "DarockBili" */ = {
			isa = XCConfigurationList;
			buildConfigurations = (
				6BFF290E2A6C0B3F00914A8E /* Debug */,
				6BFF290F2A6C0B3F00914A8E /* Release */,
			);
			defaultConfigurationIsVisible = 0;
			defaultConfigurationName = Release;
		};
		6BFF296A2A6C0D2100914A8E /* Build configuration list for PBXNativeTarget "DarockBili Watch App" */ = {
			isa = XCConfigurationList;
			buildConfigurations = (
				6BFF296B2A6C0D2100914A8E /* Debug */,
				6BFF296C2A6C0D2100914A8E /* Release */,
			);
			defaultConfigurationIsVisible = 0;
			defaultConfigurationName = Release;
		};
/* End XCConfigurationList section */

/* Begin XCRemoteSwiftPackageReference section */
		6B37B4BB2A715EF800F26F1A /* XCRemoteSwiftPackageReference "SFSymbol" */ = {
			isa = XCRemoteSwiftPackageReference;
			repositoryURL = "https://github.com/Nirma/SFSymbol";
			requirement = {
				kind = upToNextMajorVersion;
				minimumVersion = 2.2.0;
			};
		};
		6BA1E5492A6AF2A900293B2C /* XCRemoteSwiftPackageReference "DarockKit" */ = {
			isa = XCRemoteSwiftPackageReference;
			repositoryURL = "https://github.com/Darock-Studio/DarockKit";
			requirement = {
				branch = main;
				kind = branch;
			};
		};
		6BBFF7BA2A4FF18100DE050E /* XCRemoteSwiftPackageReference "EFQRCode" */ = {
			isa = XCRemoteSwiftPackageReference;
			repositoryURL = "https://github.com/EFPrefix/EFQRCode";
			requirement = {
				kind = upToNextMajorVersion;
				minimumVersion = 6.2.2;
			};
		};
		6BBFF7C12A5012B800DE050E /* XCRemoteSwiftPackageReference "SDWebImageSwiftUI" */ = {
			isa = XCRemoteSwiftPackageReference;
			repositoryURL = "https://github.com/SDWebImage/SDWebImageSwiftUI";
			requirement = {
				kind = upToNextMajorVersion;
				minimumVersion = 2.2.3;
			};
		};
		6BBFF7C42A5012DB00DE050E /* XCRemoteSwiftPackageReference "SDWebImageWebPCoder" */ = {
			isa = XCRemoteSwiftPackageReference;
			repositoryURL = "https://github.com/SDWebImage/SDWebImageWebPCoder";
			requirement = {
				kind = upToNextMajorVersion;
				minimumVersion = 0.12.0;
			};
		};
		6BBFF7C72A5012EC00DE050E /* XCRemoteSwiftPackageReference "SDWebImageSVGCoder" */ = {
			isa = XCRemoteSwiftPackageReference;
			repositoryURL = "https://github.com/SDWebImage/SDWebImageSVGCoder";
			requirement = {
				kind = upToNextMajorVersion;
				minimumVersion = 1.7.0;
			};
		};
		6BBFF7CA2A5012FF00DE050E /* XCRemoteSwiftPackageReference "SDWebImagePDFCoder" */ = {
			isa = XCRemoteSwiftPackageReference;
			repositoryURL = "https://github.com/SDWebImage/SDWebImagePDFCoder";
			requirement = {
				kind = upToNextMajorVersion;
				minimumVersion = 1.0.0;
			};
		};
		6BBFF7D22A50737C00DE050E /* XCRemoteSwiftPackageReference "SwiftSoup" */ = {
			isa = XCRemoteSwiftPackageReference;
			repositoryURL = "https://github.com/scinfu/SwiftSoup";
			requirement = {
				kind = upToNextMajorVersion;
				minimumVersion = 2.6.1;
			};
		};
		6BC8CB1D2A6CF48400D2E9E9 /* XCRemoteSwiftPackageReference "swiftui-cached-async-image" */ = {
			isa = XCRemoteSwiftPackageReference;
			repositoryURL = "https://github.com/lorenzofiamingo/swiftui-cached-async-image";
			requirement = {
				kind = upToNextMajorVersion;
				minimumVersion = 2.1.1;
			};
		};
		6BC8CB3C2A6D768700D2E9E9 /* XCRemoteSwiftPackageReference "Dynamic" */ = {
			isa = XCRemoteSwiftPackageReference;
			repositoryURL = "https://github.com/mhdhejazi/Dynamic#installation";
			requirement = {
				kind = upToNextMajorVersion;
				minimumVersion = 1.2.0;
			};
		};
/* End XCRemoteSwiftPackageReference section */

/* Begin XCSwiftPackageProductDependency section */
		6B37B4BC2A715EF900F26F1A /* SFSymbol */ = {
			isa = XCSwiftPackageProductDependency;
			package = 6B37B4BB2A715EF800F26F1A /* XCRemoteSwiftPackageReference "SFSymbol" */;
			productName = SFSymbol;
		};
		6BC8CB272A6D758000D2E9E9 /* EFQRCode */ = {
			isa = XCSwiftPackageProductDependency;
			package = 6BBFF7BA2A4FF18100DE050E /* XCRemoteSwiftPackageReference "EFQRCode" */;
			productName = EFQRCode;
		};
		6BC8CB292A6D758000D2E9E9 /* SDWebImageSwiftUI */ = {
			isa = XCSwiftPackageProductDependency;
			package = 6BBFF7C12A5012B800DE050E /* XCRemoteSwiftPackageReference "SDWebImageSwiftUI" */;
			productName = SDWebImageSwiftUI;
		};
		6BC8CB2B2A6D758000D2E9E9 /* SDWebImageWebPCoder */ = {
			isa = XCSwiftPackageProductDependency;
			package = 6BBFF7C42A5012DB00DE050E /* XCRemoteSwiftPackageReference "SDWebImageWebPCoder" */;
			productName = SDWebImageWebPCoder;
		};
		6BC8CB2D2A6D758000D2E9E9 /* SDWebImageSVGCoder */ = {
			isa = XCSwiftPackageProductDependency;
			package = 6BBFF7C72A5012EC00DE050E /* XCRemoteSwiftPackageReference "SDWebImageSVGCoder" */;
			productName = SDWebImageSVGCoder;
		};
		6BC8CB2F2A6D758000D2E9E9 /* SDWebImagePDFCoder */ = {
			isa = XCSwiftPackageProductDependency;
			package = 6BBFF7CA2A5012FF00DE050E /* XCRemoteSwiftPackageReference "SDWebImagePDFCoder" */;
			productName = SDWebImagePDFCoder;
		};
		6BC8CB312A6D758000D2E9E9 /* SwiftSoup */ = {
			isa = XCSwiftPackageProductDependency;
			package = 6BBFF7D22A50737C00DE050E /* XCRemoteSwiftPackageReference "SwiftSoup" */;
			productName = SwiftSoup;
		};
		6BC8CB332A6D758000D2E9E9 /* DarockKit */ = {
			isa = XCSwiftPackageProductDependency;
			package = 6BA1E5492A6AF2A900293B2C /* XCRemoteSwiftPackageReference "DarockKit" */;
			productName = DarockKit;
		};
		6BC8CB352A6D758000D2E9E9 /* CachedAsyncImage */ = {
			isa = XCSwiftPackageProductDependency;
			package = 6BC8CB1D2A6CF48400D2E9E9 /* XCRemoteSwiftPackageReference "swiftui-cached-async-image" */;
			productName = CachedAsyncImage;
		};
		6BC8CB3D2A6D768700D2E9E9 /* Dynamic */ = {
			isa = XCSwiftPackageProductDependency;
			package = 6BC8CB3C2A6D768700D2E9E9 /* XCRemoteSwiftPackageReference "Dynamic" */;
			productName = Dynamic;
		};
		6BFF29A52A6C10EB00914A8E /* DarockKit */ = {
			isa = XCSwiftPackageProductDependency;
			package = 6BA1E5492A6AF2A900293B2C /* XCRemoteSwiftPackageReference "DarockKit" */;
			productName = DarockKit;
		};
/* End XCSwiftPackageProductDependency section */
	};
	rootObject = 6B0253AE2A4EF59600567986 /* Project object */;
}
