// !$*UTF8*$!
{
	archiveVersion = 1;
	classes = {
	};
	objectVersion = 56;
	objects = {

/* Begin PBXBuildFile section */
		8C8CA05A2B6108460020DEDD /* Bangumi.swift in Sources */ = {isa = PBXBuildFile; fileRef = 8C8CA0592B6108460020DEDD /* Bangumi.swift */; };
		B44689D12B4FC15A002CCEB2 /* 喵哩喵哩.app in Embed Watch Content */ = {isa = PBXBuildFile; fileRef = B44689D02B4FC15A002CCEB2 /* 喵哩喵哩.app */; settings = {ATTRIBUTES = (RemoveHeadersOnCopy, ); }; };
		B4468A312B4FC24A002CCEB2 /* NetworkFixView.swift in Sources */ = {isa = PBXBuildFile; fileRef = B44689E82B4FC249002CCEB2 /* NetworkFixView.swift */; };
		B4468A322B4FC24A002CCEB2 /* SignalErrorView.swift in Sources */ = {isa = PBXBuildFile; fileRef = B44689E92B4FC249002CCEB2 /* SignalErrorView.swift */; };
		B4468A332B4FC24A002CCEB2 /* MemoryWarningView.swift in Sources */ = {isa = PBXBuildFile; fileRef = B44689EA2B4FC249002CCEB2 /* MemoryWarningView.swift */; };
		B4468A342B4FC24A002CCEB2 /* backtrace.c in Sources */ = {isa = PBXBuildFile; fileRef = B44689ED2B4FC249002CCEB2 /* backtrace.c */; };
		B4468A352B4FC24A002CCEB2 /* Backtrace.swift in Sources */ = {isa = PBXBuildFile; fileRef = B44689EE2B4FC249002CCEB2 /* Backtrace.swift */; };
		B4468A362B4FC24A002CCEB2 /* FeedbackView.swift in Sources */ = {isa = PBXBuildFile; fileRef = B44689EF2B4FC249002CCEB2 /* FeedbackView.swift */; };
		B4468A372B4FC24A002CCEB2 /* FeedbackLoginView.swift in Sources */ = {isa = PBXBuildFile; fileRef = B44689F12B4FC249002CCEB2 /* FeedbackLoginView.swift */; };
		B4468A382B4FC24A002CCEB2 /* FeedbackEnterView.swift in Sources */ = {isa = PBXBuildFile; fileRef = B44689F22B4FC249002CCEB2 /* FeedbackEnterView.swift */; };
		B4468A392B4FC24A002CCEB2 /* FeedbackMainView.swift in Sources */ = {isa = PBXBuildFile; fileRef = B44689F32B4FC249002CCEB2 /* FeedbackMainView.swift */; };
		B4468A3A2B4FC24A002CCEB2 /* FeedbackDetailsView.swift in Sources */ = {isa = PBXBuildFile; fileRef = B44689F42B4FC249002CCEB2 /* FeedbackDetailsView.swift */; };
		B4468A3B2B4FC24A002CCEB2 /* ErrorGetView.swift in Sources */ = {isa = PBXBuildFile; fileRef = B44689F52B4FC249002CCEB2 /* ErrorGetView.swift */; };
		B4468A3C2B4FC24A002CCEB2 /* CodeExt.swift in Sources */ = {isa = PBXBuildFile; fileRef = B44689F72B4FC249002CCEB2 /* CodeExt.swift */; };
		B4468A3D2B4FC24A002CCEB2 /* AppFileManager.swift in Sources */ = {isa = PBXBuildFile; fileRef = B44689F82B4FC249002CCEB2 /* AppFileManager.swift */; };
		B4468A3E2B4FC24A002CCEB2 /* ColorThief.swift in Sources */ = {isa = PBXBuildFile; fileRef = B44689FA2B4FC249002CCEB2 /* ColorThief.swift */; };
		B4468A3F2B4FC24A002CCEB2 /* MMCQ.swift in Sources */ = {isa = PBXBuildFile; fileRef = B44689FB2B4FC249002CCEB2 /* MMCQ.swift */; };
		B4468A402B4FC24A002CCEB2 /* UIExt.swift in Sources */ = {isa = PBXBuildFile; fileRef = B44689FC2B4FC249002CCEB2 /* UIExt.swift */; };
		B4468A412B4FC24A002CCEB2 /* LivePlayerView.swift in Sources */ = {isa = PBXBuildFile; fileRef = B44689FE2B4FC249002CCEB2 /* LivePlayerView.swift */; };
		B4468A422B4FC24A002CCEB2 /* DarockBiliApp.swift in Sources */ = {isa = PBXBuildFile; fileRef = B44689FF2B4FC249002CCEB2 /* DarockBiliApp.swift */; };
		B4468A432B4FC24A002CCEB2 /* SearchView.swift in Sources */ = {isa = PBXBuildFile; fileRef = B4468A012B4FC249002CCEB2 /* SearchView.swift */; };
		B4468A442B4FC24A002CCEB2 /* MainView.swift in Sources */ = {isa = PBXBuildFile; fileRef = B4468A022B4FC249002CCEB2 /* MainView.swift */; };
		B4468A452B4FC24A002CCEB2 /* ContentView.swift in Sources */ = {isa = PBXBuildFile; fileRef = B4468A032B4FC249002CCEB2 /* ContentView.swift */; };
		B4468A462B4FC24A002CCEB2 /* ImageViewerView.swift in Sources */ = {isa = PBXBuildFile; fileRef = B4468A062B4FC249002CCEB2 /* ImageViewerView.swift */; };
		B4468A472B4FC24A002CCEB2 /* UserDynamicMainView.swift in Sources */ = {isa = PBXBuildFile; fileRef = B4468A072B4FC249002CCEB2 /* UserDynamicMainView.swift */; };
		B4468A482B4FC24A002CCEB2 /* Localizable.xcstrings in Resources */ = {isa = PBXBuildFile; fileRef = B4468A082B4FC249002CCEB2 /* Localizable.xcstrings */; };
		B4468A492B4FC24A002CCEB2 /* OfflineMainView.swift in Sources */ = {isa = PBXBuildFile; fileRef = B4468A0A2B4FC249002CCEB2 /* OfflineMainView.swift */; };
		B4468A4A2B4FC24A002CCEB2 /* VideoPlayerView.swift in Sources */ = {isa = PBXBuildFile; fileRef = B4468A0C2B4FC24A002CCEB2 /* VideoPlayerView.swift */; };
		B4468A4B2B4FC24A002CCEB2 /* LyricerView.swift in Sources */ = {isa = PBXBuildFile; fileRef = B4468A0D2B4FC24A002CCEB2 /* LyricerView.swift */; };
		B4468A4C2B4FC24A002CCEB2 /* VideoDownloadView.swift in Sources */ = {isa = PBXBuildFile; fileRef = B4468A0E2B4FC24A002CCEB2 /* VideoDownloadView.swift */; };
		B4468A4D2B4FC24A002CCEB2 /* VideoCommentsView.swift in Sources */ = {isa = PBXBuildFile; fileRef = B4468A0F2B4FC24A002CCEB2 /* VideoCommentsView.swift */; };
		B4468A4E2B4FC24A002CCEB2 /* VideoDetailView.swift in Sources */ = {isa = PBXBuildFile; fileRef = B4468A102B4FC24A002CCEB2 /* VideoDetailView.swift */; };
		B4468A4F2B4FC24A002CCEB2 /* AudioPlayerView.swift in Sources */ = {isa = PBXBuildFile; fileRef = B4468A112B4FC24A002CCEB2 /* AudioPlayerView.swift */; };
		B4468A502B4FC24A002CCEB2 /* Preview Assets.xcassets in Resources */ = {isa = PBXBuildFile; fileRef = B4468A132B4FC24A002CCEB2 /* Preview Assets.xcassets */; };
		B4468A532B4FC24A002CCEB2 /* AboutView.swift in Sources */ = {isa = PBXBuildFile; fileRef = B4468A182B4FC24A002CCEB2 /* AboutView.swift */; };
		B4468A542B4FC24A002CCEB2 /* FirstUsingView.swift in Sources */ = {isa = PBXBuildFile; fileRef = B4468A192B4FC24A002CCEB2 /* FirstUsingView.swift */; };
		B4468A552B4FC24A002CCEB2 /* SettingsView.swift in Sources */ = {isa = PBXBuildFile; fileRef = B4468A1A2B4FC24A002CCEB2 /* SettingsView.swift */; };
		B4468A562B4FC24A002CCEB2 /* LoginView.swift in Sources */ = {isa = PBXBuildFile; fileRef = B4468A1B2B4FC24A002CCEB2 /* LoginView.swift */; };
		B4468A572B4FC24A002CCEB2 /* SkinChooserView.swift in Sources */ = {isa = PBXBuildFile; fileRef = B4468A1D2B4FC24A002CCEB2 /* SkinChooserView.swift */; };
		B4468A582B4FC24A002CCEB2 /* SkinExplorerView.swift in Sources */ = {isa = PBXBuildFile; fileRef = B4468A1E2B4FC24A002CCEB2 /* SkinExplorerView.swift */; };
		B4468A592B4FC24A002CCEB2 /* SkinDownloadView.swift in Sources */ = {isa = PBXBuildFile; fileRef = B4468A1F2B4FC24A002CCEB2 /* SkinDownloadView.swift */; };
		B4468A5A2B4FC24A002CCEB2 /* NoticeView.swift in Sources */ = {isa = PBXBuildFile; fileRef = B4468A202B4FC24A002CCEB2 /* NoticeView.swift */; };
		B4468A5B2B4FC24A002CCEB2 /* AVExtension.m in Sources */ = {isa = PBXBuildFile; fileRef = B4468A242B4FC24A002CCEB2 /* AVExtension.m */; };
		B4468A5C2B4FC24A002CCEB2 /* CodingTime.m in Sources */ = {isa = PBXBuildFile; fileRef = B4468A252B4FC24A002CCEB2 /* CodingTime.m */; };
		B4468A5D2B4FC24A002CCEB2 /* DownloadsView.swift in Sources */ = {isa = PBXBuildFile; fileRef = B4468A272B4FC24A002CCEB2 /* DownloadsView.swift */; };
		B4468A5E2B4FC24A002CCEB2 /* bMessageSendView.swift in Sources */ = {isa = PBXBuildFile; fileRef = B4468A292B4FC24A002CCEB2 /* bMessageSendView.swift */; };
		B4468A5F2B4FC24A002CCEB2 /* PersonAccountView.swift in Sources */ = {isa = PBXBuildFile; fileRef = B4468A2A2B4FC24A002CCEB2 /* PersonAccountView.swift */; };
		B4468A602B4FC24A002CCEB2 /* FavoriteView.swift in Sources */ = {isa = PBXBuildFile; fileRef = B4468A2B2B4FC24A002CCEB2 /* FavoriteView.swift */; };
		B4468A612B4FC24A002CCEB2 /* FollowListView.swift in Sources */ = {isa = PBXBuildFile; fileRef = B4468A2C2B4FC24A002CCEB2 /* FollowListView.swift */; };
		B4468A622B4FC24A002CCEB2 /* ArticleView.swift in Sources */ = {isa = PBXBuildFile; fileRef = B4468A2D2B4FC24A002CCEB2 /* ArticleView.swift */; };
		B4468A632B4FC24A002CCEB2 /* UserDetailView.swift in Sources */ = {isa = PBXBuildFile; fileRef = B4468A2E2B4FC24A002CCEB2 /* UserDetailView.swift */; };
		B4468A642B4FC24A002CCEB2 /* HistoryView.swift in Sources */ = {isa = PBXBuildFile; fileRef = B4468A2F2B4FC24A002CCEB2 /* HistoryView.swift */; };
		B4468A652B4FC24A002CCEB2 /* WatchLaterView.swift in Sources */ = {isa = PBXBuildFile; fileRef = B4468A302B4FC24A002CCEB2 /* WatchLaterView.swift */; };
		B4468A672B4FC286002CCEB2 /* Assets.xcassets in Resources */ = {isa = PBXBuildFile; fileRef = B4468A662B4FC286002CCEB2 /* Assets.xcassets */; };
		B4468A6D2B4FC2C8002CCEB2 /* Alamofire in Frameworks */ = {isa = PBXBuildFile; productRef = B4468A6C2B4FC2C8002CCEB2 /* Alamofire */; };
		B4468A702B4FC5E7002CCEB2 /* Marquee in Frameworks */ = {isa = PBXBuildFile; productRef = B4468A6F2B4FC5E7002CCEB2 /* Marquee */; };
		B4468A732B4FC5F2002CCEB2 /* SwiftDate in Frameworks */ = {isa = PBXBuildFile; productRef = B4468A722B4FC5F1002CCEB2 /* SwiftDate */; };
		B4468A762B4FC602002CCEB2 /* SFSymbol in Frameworks */ = {isa = PBXBuildFile; productRef = B4468A752B4FC602002CCEB2 /* SFSymbol */; };
		B4468A782B4FC60B002CCEB2 /* SFSymbol in Frameworks */ = {isa = PBXBuildFile; productRef = B4468A772B4FC60B002CCEB2 /* SFSymbol */; };
		B4468A7B2B4FC618002CCEB2 /* ZipArchive in Frameworks */ = {isa = PBXBuildFile; productRef = B4468A7A2B4FC618002CCEB2 /* ZipArchive */; };
		B4468A8C2B4FC85A002CCEB2 /* SwiftyJSON in Frameworks */ = {isa = PBXBuildFile; productRef = B4468A8B2B4FC85A002CCEB2 /* SwiftyJSON */; };
		B4468A8F2B4FC8AC002CCEB2 /* DarockKit in Frameworks */ = {isa = PBXBuildFile; productRef = B4468A8E2B4FC8AC002CCEB2 /* DarockKit */; };
		B4468A922B4FC8B7002CCEB2 /* EFQRCode in Frameworks */ = {isa = PBXBuildFile; productRef = B4468A912B4FC8B7002CCEB2 /* EFQRCode */; };
		B4468A942B4FC8B7002CCEB2 /* SDWebImageSwiftUI in Frameworks */ = {isa = PBXBuildFile; productRef = B4468A932B4FC8B7002CCEB2 /* SDWebImageSwiftUI */; };
		B4468A962B4FC8B7002CCEB2 /* SDWebImageWebPCoder in Frameworks */ = {isa = PBXBuildFile; productRef = B4468A952B4FC8B7002CCEB2 /* SDWebImageWebPCoder */; };
		B4468A982B4FC8B7002CCEB2 /* SDWebImageSVGCoder in Frameworks */ = {isa = PBXBuildFile; productRef = B4468A972B4FC8B7002CCEB2 /* SDWebImageSVGCoder */; };
		B4468A9A2B4FC8B7002CCEB2 /* SDWebImagePDFCoder in Frameworks */ = {isa = PBXBuildFile; productRef = B4468A992B4FC8B7002CCEB2 /* SDWebImagePDFCoder */; };
		B4468A9C2B4FC8B7002CCEB2 /* SwiftSoup in Frameworks */ = {isa = PBXBuildFile; productRef = B4468A9B2B4FC8B7002CCEB2 /* SwiftSoup */; };
		B4468A9E2B4FC8B7002CCEB2 /* CachedAsyncImage in Frameworks */ = {isa = PBXBuildFile; productRef = B4468A9D2B4FC8B7002CCEB2 /* CachedAsyncImage */; };
		B4468AA02B4FC8B7002CCEB2 /* Dynamic in Frameworks */ = {isa = PBXBuildFile; productRef = B4468A9F2B4FC8B7002CCEB2 /* Dynamic */; };
		E2565AF32B52BFDF000E01ED /* BangumiDetailView.swift in Sources */ = {isa = PBXBuildFile; fileRef = E2565AF22B52BFDF000E01ED /* BangumiDetailView.swift */; };
		E2565AF52B52C017000E01ED /* BangumiDownloadView.swift in Sources */ = {isa = PBXBuildFile; fileRef = E2565AF42B52C017000E01ED /* BangumiDownloadView.swift */; };
		E2565AF72B52C06D000E01ED /* BangumiCommentsView.swift in Sources */ = {isa = PBXBuildFile; fileRef = E2565AF62B52C06D000E01ED /* BangumiCommentsView.swift */; };
		E2565AF92B52C076000E01ED /* BangumiPlayerView.swift in Sources */ = {isa = PBXBuildFile; fileRef = E2565AF82B52C076000E01ED /* BangumiPlayerView.swift */; };
		E2565AFB2B52C114000E01ED /* LiveDetailView.swift in Sources */ = {isa = PBXBuildFile; fileRef = E2565AFA2B52C114000E01ED /* LiveDetailView.swift */; };
/* End PBXBuildFile section */

/* Begin PBXContainerItemProxy section */
		B44689D22B4FC15A002CCEB2 /* PBXContainerItemProxy */ = {
			isa = PBXContainerItemProxy;
			containerPortal = B44689C42B4FC15A002CCEB2 /* Project object */;
			proxyType = 1;
			remoteGlobalIDString = B44689CF2B4FC15A002CCEB2;
			remoteInfo = "DarockBili Watch App";
		};
/* End PBXContainerItemProxy section */

/* Begin PBXCopyFilesBuildPhase section */
		B44689E32B4FC15B002CCEB2 /* Embed Watch Content */ = {
			isa = PBXCopyFilesBuildPhase;
			buildActionMask = 2147483647;
			dstPath = "$(CONTENTS_FOLDER_PATH)/Watch";
			dstSubfolderSpec = 16;
			files = (
				B44689D12B4FC15A002CCEB2 /* 喵哩喵哩.app in Embed Watch Content */,
			);
			name = "Embed Watch Content";
			runOnlyForDeploymentPostprocessing = 0;
		};
/* End PBXCopyFilesBuildPhase section */

/* Begin PBXFileReference section */
		8C8CA0592B6108460020DEDD /* Bangumi.swift */ = {isa = PBXFileReference; lastKnownFileType = sourcecode.swift; path = Bangumi.swift; sourceTree = "<group>"; };
		B44689CA2B4FC15A002CCEB2 /* DarockBili.app */ = {isa = PBXFileReference; explicitFileType = wrapper.application; includeInIndex = 0; path = DarockBili.app; sourceTree = BUILT_PRODUCTS_DIR; };
		B44689D02B4FC15A002CCEB2 /* 喵哩喵哩.app */ = {isa = PBXFileReference; explicitFileType = wrapper.application; includeInIndex = 0; path = "喵哩喵哩.app"; sourceTree = BUILT_PRODUCTS_DIR; };
		B44689E82B4FC249002CCEB2 /* NetworkFixView.swift */ = {isa = PBXFileReference; fileEncoding = 4; lastKnownFileType = sourcecode.swift; path = NetworkFixView.swift; sourceTree = "<group>"; };
		B44689E92B4FC249002CCEB2 /* SignalErrorView.swift */ = {isa = PBXFileReference; fileEncoding = 4; lastKnownFileType = sourcecode.swift; path = SignalErrorView.swift; sourceTree = "<group>"; };
		B44689EA2B4FC249002CCEB2 /* MemoryWarningView.swift */ = {isa = PBXFileReference; fileEncoding = 4; lastKnownFileType = sourcecode.swift; path = MemoryWarningView.swift; sourceTree = "<group>"; };
		B44689EC2B4FC249002CCEB2 /* backtrace.h */ = {isa = PBXFileReference; fileEncoding = 4; lastKnownFileType = sourcecode.c.h; path = backtrace.h; sourceTree = "<group>"; };
		B44689ED2B4FC249002CCEB2 /* backtrace.c */ = {isa = PBXFileReference; fileEncoding = 4; lastKnownFileType = sourcecode.c.c; path = backtrace.c; sourceTree = "<group>"; };
		B44689EE2B4FC249002CCEB2 /* Backtrace.swift */ = {isa = PBXFileReference; fileEncoding = 4; lastKnownFileType = sourcecode.swift; path = Backtrace.swift; sourceTree = "<group>"; };
		B44689EF2B4FC249002CCEB2 /* FeedbackView.swift */ = {isa = PBXFileReference; fileEncoding = 4; lastKnownFileType = sourcecode.swift; path = FeedbackView.swift; sourceTree = "<group>"; };
		B44689F12B4FC249002CCEB2 /* FeedbackLoginView.swift */ = {isa = PBXFileReference; fileEncoding = 4; lastKnownFileType = sourcecode.swift; path = FeedbackLoginView.swift; sourceTree = "<group>"; };
		B44689F22B4FC249002CCEB2 /* FeedbackEnterView.swift */ = {isa = PBXFileReference; fileEncoding = 4; lastKnownFileType = sourcecode.swift; path = FeedbackEnterView.swift; sourceTree = "<group>"; };
		B44689F32B4FC249002CCEB2 /* FeedbackMainView.swift */ = {isa = PBXFileReference; fileEncoding = 4; lastKnownFileType = sourcecode.swift; path = FeedbackMainView.swift; sourceTree = "<group>"; };
		B44689F42B4FC249002CCEB2 /* FeedbackDetailsView.swift */ = {isa = PBXFileReference; fileEncoding = 4; lastKnownFileType = sourcecode.swift; path = FeedbackDetailsView.swift; sourceTree = "<group>"; };
		B44689F52B4FC249002CCEB2 /* ErrorGetView.swift */ = {isa = PBXFileReference; fileEncoding = 4; lastKnownFileType = sourcecode.swift; path = ErrorGetView.swift; sourceTree = "<group>"; };
		B44689F72B4FC249002CCEB2 /* CodeExt.swift */ = {isa = PBXFileReference; fileEncoding = 4; lastKnownFileType = sourcecode.swift; path = CodeExt.swift; sourceTree = "<group>"; };
		B44689F82B4FC249002CCEB2 /* AppFileManager.swift */ = {isa = PBXFileReference; fileEncoding = 4; lastKnownFileType = sourcecode.swift; path = AppFileManager.swift; sourceTree = "<group>"; };
		B44689FA2B4FC249002CCEB2 /* ColorThief.swift */ = {isa = PBXFileReference; fileEncoding = 4; lastKnownFileType = sourcecode.swift; path = ColorThief.swift; sourceTree = "<group>"; };
		B44689FB2B4FC249002CCEB2 /* MMCQ.swift */ = {isa = PBXFileReference; fileEncoding = 4; lastKnownFileType = sourcecode.swift; path = MMCQ.swift; sourceTree = "<group>"; };
		B44689FC2B4FC249002CCEB2 /* UIExt.swift */ = {isa = PBXFileReference; fileEncoding = 4; lastKnownFileType = sourcecode.swift; path = UIExt.swift; sourceTree = "<group>"; };
		B44689FE2B4FC249002CCEB2 /* LivePlayerView.swift */ = {isa = PBXFileReference; fileEncoding = 4; lastKnownFileType = sourcecode.swift; path = LivePlayerView.swift; sourceTree = "<group>"; };
		B44689FF2B4FC249002CCEB2 /* DarockBiliApp.swift */ = {isa = PBXFileReference; fileEncoding = 4; lastKnownFileType = sourcecode.swift; path = DarockBiliApp.swift; sourceTree = "<group>"; };
		B4468A012B4FC249002CCEB2 /* SearchView.swift */ = {isa = PBXFileReference; fileEncoding = 4; lastKnownFileType = sourcecode.swift; path = SearchView.swift; sourceTree = "<group>"; };
		B4468A022B4FC249002CCEB2 /* MainView.swift */ = {isa = PBXFileReference; fileEncoding = 4; lastKnownFileType = sourcecode.swift; path = MainView.swift; sourceTree = "<group>"; };
		B4468A032B4FC249002CCEB2 /* ContentView.swift */ = {isa = PBXFileReference; fileEncoding = 4; lastKnownFileType = sourcecode.swift; path = ContentView.swift; sourceTree = "<group>"; };
		B4468A042B4FC249002CCEB2 /* DarockBili-Bridging-Header.h */ = {isa = PBXFileReference; fileEncoding = 4; lastKnownFileType = sourcecode.c.h; path = "DarockBili-Bridging-Header.h"; sourceTree = "<group>"; };
		B4468A062B4FC249002CCEB2 /* ImageViewerView.swift */ = {isa = PBXFileReference; fileEncoding = 4; lastKnownFileType = sourcecode.swift; path = ImageViewerView.swift; sourceTree = "<group>"; };
		B4468A072B4FC249002CCEB2 /* UserDynamicMainView.swift */ = {isa = PBXFileReference; fileEncoding = 4; lastKnownFileType = sourcecode.swift; path = UserDynamicMainView.swift; sourceTree = "<group>"; };
		B4468A082B4FC249002CCEB2 /* Localizable.xcstrings */ = {isa = PBXFileReference; fileEncoding = 4; lastKnownFileType = text.json.xcstrings; path = Localizable.xcstrings; sourceTree = "<group>"; };
		B4468A0A2B4FC249002CCEB2 /* OfflineMainView.swift */ = {isa = PBXFileReference; fileEncoding = 4; lastKnownFileType = sourcecode.swift; path = OfflineMainView.swift; sourceTree = "<group>"; };
		B4468A0C2B4FC24A002CCEB2 /* VideoPlayerView.swift */ = {isa = PBXFileReference; fileEncoding = 4; lastKnownFileType = sourcecode.swift; path = VideoPlayerView.swift; sourceTree = "<group>"; };
		B4468A0D2B4FC24A002CCEB2 /* LyricerView.swift */ = {isa = PBXFileReference; fileEncoding = 4; lastKnownFileType = sourcecode.swift; path = LyricerView.swift; sourceTree = "<group>"; };
		B4468A0E2B4FC24A002CCEB2 /* VideoDownloadView.swift */ = {isa = PBXFileReference; fileEncoding = 4; lastKnownFileType = sourcecode.swift; path = VideoDownloadView.swift; sourceTree = "<group>"; };
		B4468A0F2B4FC24A002CCEB2 /* VideoCommentsView.swift */ = {isa = PBXFileReference; fileEncoding = 4; lastKnownFileType = sourcecode.swift; path = VideoCommentsView.swift; sourceTree = "<group>"; };
		B4468A102B4FC24A002CCEB2 /* VideoDetailView.swift */ = {isa = PBXFileReference; fileEncoding = 4; lastKnownFileType = sourcecode.swift; path = VideoDetailView.swift; sourceTree = "<group>"; };
		B4468A112B4FC24A002CCEB2 /* AudioPlayerView.swift */ = {isa = PBXFileReference; fileEncoding = 4; lastKnownFileType = sourcecode.swift; path = AudioPlayerView.swift; sourceTree = "<group>"; };
		B4468A132B4FC24A002CCEB2 /* Preview Assets.xcassets */ = {isa = PBXFileReference; lastKnownFileType = folder.assetcatalog; path = "Preview Assets.xcassets"; sourceTree = "<group>"; };
		B4468A152B4FC24A002CCEB2 /* Dynamic_Feed_All.json */ = {isa = PBXFileReference; fileEncoding = 4; lastKnownFileType = text.json; path = Dynamic_Feed_All.json; sourceTree = "<group>"; };
		B4468A162B4FC24A002CCEB2 /* Search_With_UP_V2.json */ = {isa = PBXFileReference; fileEncoding = 4; lastKnownFileType = text.json; path = Search_With_UP_V2.json; sourceTree = "<group>"; };
		B4468A182B4FC24A002CCEB2 /* AboutView.swift */ = {isa = PBXFileReference; fileEncoding = 4; lastKnownFileType = sourcecode.swift; path = AboutView.swift; sourceTree = "<group>"; };
		B4468A192B4FC24A002CCEB2 /* FirstUsingView.swift */ = {isa = PBXFileReference; fileEncoding = 4; lastKnownFileType = sourcecode.swift; path = FirstUsingView.swift; sourceTree = "<group>"; };
		B4468A1A2B4FC24A002CCEB2 /* SettingsView.swift */ = {isa = PBXFileReference; fileEncoding = 4; lastKnownFileType = sourcecode.swift; path = SettingsView.swift; sourceTree = "<group>"; };
		B4468A1B2B4FC24A002CCEB2 /* LoginView.swift */ = {isa = PBXFileReference; fileEncoding = 4; lastKnownFileType = sourcecode.swift; path = LoginView.swift; sourceTree = "<group>"; };
		B4468A1D2B4FC24A002CCEB2 /* SkinChooserView.swift */ = {isa = PBXFileReference; fileEncoding = 4; lastKnownFileType = sourcecode.swift; path = SkinChooserView.swift; sourceTree = "<group>"; };
		B4468A1E2B4FC24A002CCEB2 /* SkinExplorerView.swift */ = {isa = PBXFileReference; fileEncoding = 4; lastKnownFileType = sourcecode.swift; path = SkinExplorerView.swift; sourceTree = "<group>"; };
		B4468A1F2B4FC24A002CCEB2 /* SkinDownloadView.swift */ = {isa = PBXFileReference; fileEncoding = 4; lastKnownFileType = sourcecode.swift; path = SkinDownloadView.swift; sourceTree = "<group>"; };
		B4468A202B4FC24A002CCEB2 /* NoticeView.swift */ = {isa = PBXFileReference; fileEncoding = 4; lastKnownFileType = sourcecode.swift; path = NoticeView.swift; sourceTree = "<group>"; };
		B4468A222B4FC24A002CCEB2 /* AVExtension.h */ = {isa = PBXFileReference; fileEncoding = 4; lastKnownFileType = sourcecode.c.h; path = AVExtension.h; sourceTree = "<group>"; };
		B4468A232B4FC24A002CCEB2 /* CodingTime.h */ = {isa = PBXFileReference; fileEncoding = 4; lastKnownFileType = sourcecode.c.h; path = CodingTime.h; sourceTree = "<group>"; };
		B4468A242B4FC24A002CCEB2 /* AVExtension.m */ = {isa = PBXFileReference; fileEncoding = 4; lastKnownFileType = sourcecode.c.objc; path = AVExtension.m; sourceTree = "<group>"; };
		B4468A252B4FC24A002CCEB2 /* CodingTime.m */ = {isa = PBXFileReference; fileEncoding = 4; lastKnownFileType = sourcecode.c.objc; path = CodingTime.m; sourceTree = "<group>"; };
		B4468A272B4FC24A002CCEB2 /* DownloadsView.swift */ = {isa = PBXFileReference; fileEncoding = 4; lastKnownFileType = sourcecode.swift; path = DownloadsView.swift; sourceTree = "<group>"; };
		B4468A292B4FC24A002CCEB2 /* bMessageSendView.swift */ = {isa = PBXFileReference; fileEncoding = 4; lastKnownFileType = sourcecode.swift; path = bMessageSendView.swift; sourceTree = "<group>"; };
		B4468A2A2B4FC24A002CCEB2 /* PersonAccountView.swift */ = {isa = PBXFileReference; fileEncoding = 4; lastKnownFileType = sourcecode.swift; path = PersonAccountView.swift; sourceTree = "<group>"; };
		B4468A2B2B4FC24A002CCEB2 /* FavoriteView.swift */ = {isa = PBXFileReference; fileEncoding = 4; lastKnownFileType = sourcecode.swift; path = FavoriteView.swift; sourceTree = "<group>"; };
		B4468A2C2B4FC24A002CCEB2 /* FollowListView.swift */ = {isa = PBXFileReference; fileEncoding = 4; lastKnownFileType = sourcecode.swift; path = FollowListView.swift; sourceTree = "<group>"; };
		B4468A2D2B4FC24A002CCEB2 /* ArticleView.swift */ = {isa = PBXFileReference; fileEncoding = 4; lastKnownFileType = sourcecode.swift; path = ArticleView.swift; sourceTree = "<group>"; };
		B4468A2E2B4FC24A002CCEB2 /* UserDetailView.swift */ = {isa = PBXFileReference; fileEncoding = 4; lastKnownFileType = sourcecode.swift; path = UserDetailView.swift; sourceTree = "<group>"; };
		B4468A2F2B4FC24A002CCEB2 /* HistoryView.swift */ = {isa = PBXFileReference; fileEncoding = 4; lastKnownFileType = sourcecode.swift; path = HistoryView.swift; sourceTree = "<group>"; };
		B4468A302B4FC24A002CCEB2 /* WatchLaterView.swift */ = {isa = PBXFileReference; fileEncoding = 4; lastKnownFileType = sourcecode.swift; path = WatchLaterView.swift; sourceTree = "<group>"; };
		B4468A662B4FC286002CCEB2 /* Assets.xcassets */ = {isa = PBXFileReference; lastKnownFileType = folder.assetcatalog; path = Assets.xcassets; sourceTree = "<group>"; };
		B4C5E9562B4FD60600E2605B /* DarockBili-Watch-App-Info.plist */ = {isa = PBXFileReference; lastKnownFileType = text.plist; path = "DarockBili-Watch-App-Info.plist"; sourceTree = SOURCE_ROOT; };
		E2565AF22B52BFDF000E01ED /* BangumiDetailView.swift */ = {isa = PBXFileReference; lastKnownFileType = sourcecode.swift; path = BangumiDetailView.swift; sourceTree = "<group>"; };
		E2565AF42B52C017000E01ED /* BangumiDownloadView.swift */ = {isa = PBXFileReference; lastKnownFileType = sourcecode.swift; path = BangumiDownloadView.swift; sourceTree = "<group>"; };
		E2565AF62B52C06D000E01ED /* BangumiCommentsView.swift */ = {isa = PBXFileReference; lastKnownFileType = sourcecode.swift; path = BangumiCommentsView.swift; sourceTree = "<group>"; };
		E2565AF82B52C076000E01ED /* BangumiPlayerView.swift */ = {isa = PBXFileReference; lastKnownFileType = sourcecode.swift; path = BangumiPlayerView.swift; sourceTree = "<group>"; };
		E2565AFA2B52C114000E01ED /* LiveDetailView.swift */ = {isa = PBXFileReference; lastKnownFileType = sourcecode.swift; path = LiveDetailView.swift; sourceTree = "<group>"; };
/* End PBXFileReference section */

/* Begin PBXFrameworksBuildPhase section */
		B44689CD2B4FC15A002CCEB2 /* Frameworks */ = {
			isa = PBXFrameworksBuildPhase;
			buildActionMask = 2147483647;
			files = (
				B4468A942B4FC8B7002CCEB2 /* SDWebImageSwiftUI in Frameworks */,
				B4468A9A2B4FC8B7002CCEB2 /* SDWebImagePDFCoder in Frameworks */,
				B4468A6D2B4FC2C8002CCEB2 /* Alamofire in Frameworks */,
				B4468A8C2B4FC85A002CCEB2 /* SwiftyJSON in Frameworks */,
				B4468A982B4FC8B7002CCEB2 /* SDWebImageSVGCoder in Frameworks */,
				B4468A702B4FC5E7002CCEB2 /* Marquee in Frameworks */,
				B4468A9E2B4FC8B7002CCEB2 /* CachedAsyncImage in Frameworks */,
				B4468A782B4FC60B002CCEB2 /* SFSymbol in Frameworks */,
				B4468A732B4FC5F2002CCEB2 /* SwiftDate in Frameworks */,
				B4468A922B4FC8B7002CCEB2 /* EFQRCode in Frameworks */,
				B4468A8F2B4FC8AC002CCEB2 /* DarockKit in Frameworks */,
				B4468A962B4FC8B7002CCEB2 /* SDWebImageWebPCoder in Frameworks */,
				B4468AA02B4FC8B7002CCEB2 /* Dynamic in Frameworks */,
				B4468A762B4FC602002CCEB2 /* SFSymbol in Frameworks */,
				B4468A7B2B4FC618002CCEB2 /* ZipArchive in Frameworks */,
				B4468A9C2B4FC8B7002CCEB2 /* SwiftSoup in Frameworks */,
			);
			runOnlyForDeploymentPostprocessing = 0;
		};
/* End PBXFrameworksBuildPhase section */

/* Begin PBXGroup section */
		8C8CA0562B6107C20020DEDD /* Models */ = {
			isa = PBXGroup;
			children = (
				8C8CA0592B6108460020DEDD /* Bangumi.swift */,
			);
			path = Models;
			sourceTree = "<group>";
		};
		B44689C32B4FC15A002CCEB2 = {
			isa = PBXGroup;
			children = (
				B4468A142B4FC24A002CCEB2 /* JSONReturnExamples */,
				B44689D42B4FC15A002CCEB2 /* DarockBili Watch App */,
				B44689CB2B4FC15A002CCEB2 /* Products */,
				B4468A902B4FC8B7002CCEB2 /* Frameworks */,
			);
			sourceTree = "<group>";
		};
		B44689CB2B4FC15A002CCEB2 /* Products */ = {
			isa = PBXGroup;
			children = (
				B44689CA2B4FC15A002CCEB2 /* DarockBili.app */,
				B44689D02B4FC15A002CCEB2 /* 喵哩喵哩.app */,
			);
			name = Products;
			sourceTree = "<group>";
		};
		B44689D42B4FC15A002CCEB2 /* DarockBili Watch App */ = {
			isa = PBXGroup;
			children = (
				B4468A082B4FC249002CCEB2 /* Localizable.xcstrings */,
				B4C5E9562B4FD60600E2605B /* DarockBili-Watch-App-Info.plist */,
				B4468A042B4FC249002CCEB2 /* DarockBili-Bridging-Header.h */,
				B44689FF2B4FC249002CCEB2 /* DarockBiliApp.swift */,
				8C8CA0562B6107C20020DEDD /* Models */,
				E2565AF12B52BF0F000E01ED /* Bangumi */,
				B44689E72B4FC249002CCEB2 /* Errors */,
				B44689F62B4FC249002CCEB2 /* Extension */,
				B4468A002B4FC249002CCEB2 /* InMain */,
				B44689FD2B4FC249002CCEB2 /* Live */,
				B4468A092B4FC249002CCEB2 /* Offline */,
				B4468A172B4FC24A002CCEB2 /* Others */,
				B4468A262B4FC24A002CCEB2 /* PersonalCenter */,
				B4468A052B4FC249002CCEB2 /* UserDynamic */,
				B4468A0B2B4FC24A002CCEB2 /* Video */,
				B4468A122B4FC24A002CCEB2 /* Preview Content */,
				B4468A662B4FC286002CCEB2 /* Assets.xcassets */,
			);
			path = "DarockBili Watch App";
			sourceTree = "<group>";
		};
		B44689E72B4FC249002CCEB2 /* Errors */ = {
			isa = PBXGroup;
			children = (
				B44689EB2B4FC249002CCEB2 /* Backtrace */,
				B44689F02B4FC249002CCEB2 /* DarockFeedback */,
				B44689E82B4FC249002CCEB2 /* NetworkFixView.swift */,
				B44689E92B4FC249002CCEB2 /* SignalErrorView.swift */,
				B44689EA2B4FC249002CCEB2 /* MemoryWarningView.swift */,
				B44689EF2B4FC249002CCEB2 /* FeedbackView.swift */,
				B44689F52B4FC249002CCEB2 /* ErrorGetView.swift */,
			);
			path = Errors;
			sourceTree = "<group>";
		};
		B44689EB2B4FC249002CCEB2 /* Backtrace */ = {
			isa = PBXGroup;
			children = (
				B44689EC2B4FC249002CCEB2 /* backtrace.h */,
				B44689ED2B4FC249002CCEB2 /* backtrace.c */,
				B44689EE2B4FC249002CCEB2 /* Backtrace.swift */,
			);
			path = Backtrace;
			sourceTree = "<group>";
		};
		B44689F02B4FC249002CCEB2 /* DarockFeedback */ = {
			isa = PBXGroup;
			children = (
				B44689F12B4FC249002CCEB2 /* FeedbackLoginView.swift */,
				B44689F22B4FC249002CCEB2 /* FeedbackEnterView.swift */,
				B44689F32B4FC249002CCEB2 /* FeedbackMainView.swift */,
				B44689F42B4FC249002CCEB2 /* FeedbackDetailsView.swift */,
			);
			path = DarockFeedback;
			sourceTree = "<group>";
		};
		B44689F62B4FC249002CCEB2 /* Extension */ = {
			isa = PBXGroup;
			children = (
				B44689F92B4FC249002CCEB2 /* ColorThief */,
				B44689F72B4FC249002CCEB2 /* CodeExt.swift */,
				B44689FC2B4FC249002CCEB2 /* UIExt.swift */,
				B44689F82B4FC249002CCEB2 /* AppFileManager.swift */,
			);
			path = Extension;
			sourceTree = "<group>";
		};
		B44689F92B4FC249002CCEB2 /* ColorThief */ = {
			isa = PBXGroup;
			children = (
				B44689FA2B4FC249002CCEB2 /* ColorThief.swift */,
				B44689FB2B4FC249002CCEB2 /* MMCQ.swift */,
			);
			path = ColorThief;
			sourceTree = "<group>";
		};
		B44689FD2B4FC249002CCEB2 /* Live */ = {
			isa = PBXGroup;
			children = (
				B44689FE2B4FC249002CCEB2 /* LivePlayerView.swift */,
				E2565AFA2B52C114000E01ED /* LiveDetailView.swift */,
			);
			path = Live;
			sourceTree = "<group>";
		};
		B4468A002B4FC249002CCEB2 /* InMain */ = {
			isa = PBXGroup;
			children = (
				B4468A012B4FC249002CCEB2 /* SearchView.swift */,
				B4468A022B4FC249002CCEB2 /* MainView.swift */,
				B4468A032B4FC249002CCEB2 /* ContentView.swift */,
			);
			path = InMain;
			sourceTree = "<group>";
		};
		B4468A052B4FC249002CCEB2 /* UserDynamic */ = {
			isa = PBXGroup;
			children = (
				B4468A062B4FC249002CCEB2 /* ImageViewerView.swift */,
				B4468A072B4FC249002CCEB2 /* UserDynamicMainView.swift */,
			);
			path = UserDynamic;
			sourceTree = "<group>";
		};
		B4468A092B4FC249002CCEB2 /* Offline */ = {
			isa = PBXGroup;
			children = (
				B4468A0A2B4FC249002CCEB2 /* OfflineMainView.swift */,
			);
			path = Offline;
			sourceTree = "<group>";
		};
		B4468A0B2B4FC24A002CCEB2 /* Video */ = {
			isa = PBXGroup;
			children = (
				B4468A0C2B4FC24A002CCEB2 /* VideoPlayerView.swift */,
				B4468A0D2B4FC24A002CCEB2 /* LyricerView.swift */,
				B4468A0E2B4FC24A002CCEB2 /* VideoDownloadView.swift */,
				B4468A0F2B4FC24A002CCEB2 /* VideoCommentsView.swift */,
				B4468A102B4FC24A002CCEB2 /* VideoDetailView.swift */,
				B4468A112B4FC24A002CCEB2 /* AudioPlayerView.swift */,
			);
			path = Video;
			sourceTree = "<group>";
		};
		B4468A122B4FC24A002CCEB2 /* Preview Content */ = {
			isa = PBXGroup;
			children = (
				B4468A132B4FC24A002CCEB2 /* Preview Assets.xcassets */,
			);
			path = "Preview Content";
			sourceTree = "<group>";
		};
		B4468A142B4FC24A002CCEB2 /* JSONReturnExamples */ = {
			isa = PBXGroup;
			children = (
				B4468A152B4FC24A002CCEB2 /* Dynamic_Feed_All.json */,
				B4468A162B4FC24A002CCEB2 /* Search_With_UP_V2.json */,
			);
			path = JSONReturnExamples;
			sourceTree = "<group>";
		};
		B4468A172B4FC24A002CCEB2 /* Others */ = {
			isa = PBXGroup;
			children = (
				B4468A212B4FC24A002CCEB2 /* CCodes */,
				B4468A1C2B4FC24A002CCEB2 /* Skins */,
				B4468A182B4FC24A002CCEB2 /* AboutView.swift */,
				B4468A192B4FC24A002CCEB2 /* FirstUsingView.swift */,
				B4468A1A2B4FC24A002CCEB2 /* SettingsView.swift */,
				B4468A1B2B4FC24A002CCEB2 /* LoginView.swift */,
				B4468A202B4FC24A002CCEB2 /* NoticeView.swift */,
			);
			path = Others;
			sourceTree = "<group>";
		};
		B4468A1C2B4FC24A002CCEB2 /* Skins */ = {
			isa = PBXGroup;
			children = (
				B4468A1D2B4FC24A002CCEB2 /* SkinChooserView.swift */,
				B4468A1E2B4FC24A002CCEB2 /* SkinExplorerView.swift */,
				B4468A1F2B4FC24A002CCEB2 /* SkinDownloadView.swift */,
			);
			path = Skins;
			sourceTree = "<group>";
		};
		B4468A212B4FC24A002CCEB2 /* CCodes */ = {
			isa = PBXGroup;
			children = (
				B4468A222B4FC24A002CCEB2 /* AVExtension.h */,
				B4468A232B4FC24A002CCEB2 /* CodingTime.h */,
				B4468A242B4FC24A002CCEB2 /* AVExtension.m */,
				B4468A252B4FC24A002CCEB2 /* CodingTime.m */,
			);
			path = CCodes;
			sourceTree = "<group>";
		};
		B4468A262B4FC24A002CCEB2 /* PersonalCenter */ = {
			isa = PBXGroup;
			children = (
				B4468A282B4FC24A002CCEB2 /* bMessage */,
				B4468A272B4FC24A002CCEB2 /* DownloadsView.swift */,
				B4468A2A2B4FC24A002CCEB2 /* PersonAccountView.swift */,
				B4468A2B2B4FC24A002CCEB2 /* FavoriteView.swift */,
				B4468A2C2B4FC24A002CCEB2 /* FollowListView.swift */,
				B4468A2D2B4FC24A002CCEB2 /* ArticleView.swift */,
				B4468A2E2B4FC24A002CCEB2 /* UserDetailView.swift */,
				B4468A2F2B4FC24A002CCEB2 /* HistoryView.swift */,
				B4468A302B4FC24A002CCEB2 /* WatchLaterView.swift */,
			);
			path = PersonalCenter;
			sourceTree = "<group>";
		};
		B4468A282B4FC24A002CCEB2 /* bMessage */ = {
			isa = PBXGroup;
			children = (
				B4468A292B4FC24A002CCEB2 /* bMessageSendView.swift */,
			);
			path = bMessage;
			sourceTree = "<group>";
		};
		B4468A902B4FC8B7002CCEB2 /* Frameworks */ = {
			isa = PBXGroup;
			children = (
			);
			name = Frameworks;
			sourceTree = "<group>";
		};
		E2565AF12B52BF0F000E01ED /* Bangumi */ = {
			isa = PBXGroup;
			children = (
				E2565AF22B52BFDF000E01ED /* BangumiDetailView.swift */,
				E2565AF42B52C017000E01ED /* BangumiDownloadView.swift */,
				E2565AF62B52C06D000E01ED /* BangumiCommentsView.swift */,
				E2565AF82B52C076000E01ED /* BangumiPlayerView.swift */,
			);
			path = Bangumi;
			sourceTree = "<group>";
		};
/* End PBXGroup section */

/* Begin PBXNativeTarget section */
		B44689C92B4FC15A002CCEB2 /* DarockBili */ = {
			isa = PBXNativeTarget;
			buildConfigurationList = B44689E42B4FC15B002CCEB2 /* Build configuration list for PBXNativeTarget "DarockBili" */;
			buildPhases = (
				B44689C82B4FC15A002CCEB2 /* Resources */,
				B44689E32B4FC15B002CCEB2 /* Embed Watch Content */,
			);
			buildRules = (
			);
			dependencies = (
				B44689D32B4FC15A002CCEB2 /* PBXTargetDependency */,
			);
			name = DarockBili;
			productName = DarockBili;
			productReference = B44689CA2B4FC15A002CCEB2 /* DarockBili.app */;
			productType = "com.apple.product-type.application.watchapp2-container";
		};
		B44689CF2B4FC15A002CCEB2 /* DarockBili Watch App */ = {
			isa = PBXNativeTarget;
			buildConfigurationList = B44689E02B4FC15B002CCEB2 /* Build configuration list for PBXNativeTarget "DarockBili Watch App" */;
			buildPhases = (
				B44689CC2B4FC15A002CCEB2 /* Sources */,
				B44689CD2B4FC15A002CCEB2 /* Frameworks */,
				B44689CE2B4FC15A002CCEB2 /* Resources */,
			);
			buildRules = (
			);
			dependencies = (
			);
			name = "DarockBili Watch App";
			packageProductDependencies = (
				B4468A6C2B4FC2C8002CCEB2 /* Alamofire */,
				B4468A6F2B4FC5E7002CCEB2 /* Marquee */,
				B4468A722B4FC5F1002CCEB2 /* SwiftDate */,
				B4468A752B4FC602002CCEB2 /* SFSymbol */,
				B4468A772B4FC60B002CCEB2 /* SFSymbol */,
				B4468A7A2B4FC618002CCEB2 /* ZipArchive */,
				B4468A8B2B4FC85A002CCEB2 /* SwiftyJSON */,
				B4468A8E2B4FC8AC002CCEB2 /* DarockKit */,
				B4468A912B4FC8B7002CCEB2 /* EFQRCode */,
				B4468A932B4FC8B7002CCEB2 /* SDWebImageSwiftUI */,
				B4468A952B4FC8B7002CCEB2 /* SDWebImageWebPCoder */,
				B4468A972B4FC8B7002CCEB2 /* SDWebImageSVGCoder */,
				B4468A992B4FC8B7002CCEB2 /* SDWebImagePDFCoder */,
				B4468A9B2B4FC8B7002CCEB2 /* SwiftSoup */,
				B4468A9D2B4FC8B7002CCEB2 /* CachedAsyncImage */,
				B4468A9F2B4FC8B7002CCEB2 /* Dynamic */,
			);
			productName = "DarockBili Watch App";
			productReference = B44689D02B4FC15A002CCEB2 /* 喵哩喵哩.app */;
			productType = "com.apple.product-type.application";
		};
/* End PBXNativeTarget section */

/* Begin PBXProject section */
		B44689C42B4FC15A002CCEB2 /* Project object */ = {
			isa = PBXProject;
			attributes = {
				BuildIndependentTargetsInParallel = 1;
				LastSwiftUpdateCheck = 1520;
				LastUpgradeCheck = 1520;
				TargetAttributes = {
					B44689C92B4FC15A002CCEB2 = {
						CreatedOnToolsVersion = 15.2;
					};
					B44689CF2B4FC15A002CCEB2 = {
						CreatedOnToolsVersion = 15.2;
					};
				};
			};
			buildConfigurationList = B44689C72B4FC15A002CCEB2 /* Build configuration list for PBXProject "DarockBili" */;
			compatibilityVersion = "Xcode 14.0";
			developmentRegion = "zh-Hans";
			hasScannedForEncodings = 0;
			knownRegions = (
				en,
				Base,
				"zh-Hans",
			);
			mainGroup = B44689C32B4FC15A002CCEB2;
			packageReferences = (
				B4468A6B2B4FC2C8002CCEB2 /* XCRemoteSwiftPackageReference "Alamofire" */,
				B4468A6E2B4FC5E7002CCEB2 /* XCRemoteSwiftPackageReference "Marquee" */,
				B4468A712B4FC5F1002CCEB2 /* XCRemoteSwiftPackageReference "SwiftDate" */,
				B4468A742B4FC602002CCEB2 /* XCRemoteSwiftPackageReference "SFSymbol" */,
				B4468A792B4FC618002CCEB2 /* XCRemoteSwiftPackageReference "ZipArchive" */,
				B4468A7E2B4FC675002CCEB2 /* XCRemoteSwiftPackageReference "EFQRCode" */,
				B4468A7F2B4FC681002CCEB2 /* XCRemoteSwiftPackageReference "SDWebImageSwiftUI" */,
				B4468A802B4FC68C002CCEB2 /* XCRemoteSwiftPackageReference "SDWebImageWebPCoder" */,
				B4468A812B4FC697002CCEB2 /* XCRemoteSwiftPackageReference "SDWebImageSVGCoder" */,
				B4468A822B4FC6A1002CCEB2 /* XCRemoteSwiftPackageReference "SDWebImagePDFCoder" */,
				B4468A832B4FC6B1002CCEB2 /* XCRemoteSwiftPackageReference "SwiftSoup" */,
				B4468A842B4FC6BE002CCEB2 /* XCRemoteSwiftPackageReference "swiftui-cached-async-image" */,
				B4468A852B4FC6C6002CCEB2 /* XCRemoteSwiftPackageReference "Dynamic" */,
				B4468A8A2B4FC85A002CCEB2 /* XCRemoteSwiftPackageReference "SwiftyJSON" */,
				B4468A8D2B4FC8AC002CCEB2 /* XCRemoteSwiftPackageReference "DarockKit" */,
			);
			productRefGroup = B44689CB2B4FC15A002CCEB2 /* Products */;
			projectDirPath = "";
			projectRoot = "";
			targets = (
				B44689C92B4FC15A002CCEB2 /* DarockBili */,
				B44689CF2B4FC15A002CCEB2 /* DarockBili Watch App */,
			);
		};
/* End PBXProject section */

/* Begin PBXResourcesBuildPhase section */
		B44689C82B4FC15A002CCEB2 /* Resources */ = {
			isa = PBXResourcesBuildPhase;
			buildActionMask = 2147483647;
			files = (
			);
			runOnlyForDeploymentPostprocessing = 0;
		};
		B44689CE2B4FC15A002CCEB2 /* Resources */ = {
			isa = PBXResourcesBuildPhase;
			buildActionMask = 2147483647;
			files = (
				B4468A502B4FC24A002CCEB2 /* Preview Assets.xcassets in Resources */,
				B4468A482B4FC24A002CCEB2 /* Localizable.xcstrings in Resources */,
				B4468A672B4FC286002CCEB2 /* Assets.xcassets in Resources */,
			);
			runOnlyForDeploymentPostprocessing = 0;
		};
/* End PBXResourcesBuildPhase section */

/* Begin PBXSourcesBuildPhase section */
		B44689CC2B4FC15A002CCEB2 /* Sources */ = {
			isa = PBXSourcesBuildPhase;
			buildActionMask = 2147483647;
			files = (
				B4468A552B4FC24A002CCEB2 /* SettingsView.swift in Sources */,
				E2565AFB2B52C114000E01ED /* LiveDetailView.swift in Sources */,
				E2565AF92B52C076000E01ED /* BangumiPlayerView.swift in Sources */,
				B4468A592B4FC24A002CCEB2 /* SkinDownloadView.swift in Sources */,
				B4468A462B4FC24A002CCEB2 /* ImageViewerView.swift in Sources */,
				B4468A5B2B4FC24A002CCEB2 /* AVExtension.m in Sources */,
				E2565AF72B52C06D000E01ED /* BangumiCommentsView.swift in Sources */,
				B4468A412B4FC24A002CCEB2 /* LivePlayerView.swift in Sources */,
				E2565AF32B52BFDF000E01ED /* BangumiDetailView.swift in Sources */,
				B4468A342B4FC24A002CCEB2 /* backtrace.c in Sources */,
				B4468A372B4FC24A002CCEB2 /* FeedbackLoginView.swift in Sources */,
				B4468A642B4FC24A002CCEB2 /* HistoryView.swift in Sources */,
				B4468A3A2B4FC24A002CCEB2 /* FeedbackDetailsView.swift in Sources */,
				B4468A472B4FC24A002CCEB2 /* UserDynamicMainView.swift in Sources */,
				B4468A5A2B4FC24A002CCEB2 /* NoticeView.swift in Sources */,
				B4468A612B4FC24A002CCEB2 /* FollowListView.swift in Sources */,
				B4468A542B4FC24A002CCEB2 /* FirstUsingView.swift in Sources */,
				B4468A4C2B4FC24A002CCEB2 /* VideoDownloadView.swift in Sources */,
				B4468A402B4FC24A002CCEB2 /* UIExt.swift in Sources */,
				B4468A382B4FC24A002CCEB2 /* FeedbackEnterView.swift in Sources */,
				B4468A312B4FC24A002CCEB2 /* NetworkFixView.swift in Sources */,
				B4468A4F2B4FC24A002CCEB2 /* AudioPlayerView.swift in Sources */,
				B4468A442B4FC24A002CCEB2 /* MainView.swift in Sources */,
				B4468A5F2B4FC24A002CCEB2 /* PersonAccountView.swift in Sources */,
				B4468A5E2B4FC24A002CCEB2 /* bMessageSendView.swift in Sources */,
				B4468A422B4FC24A002CCEB2 /* DarockBiliApp.swift in Sources */,
				B4468A572B4FC24A002CCEB2 /* SkinChooserView.swift in Sources */,
				B4468A582B4FC24A002CCEB2 /* SkinExplorerView.swift in Sources */,
				B4468A602B4FC24A002CCEB2 /* FavoriteView.swift in Sources */,
				B4468A532B4FC24A002CCEB2 /* AboutView.swift in Sources */,
				B4468A632B4FC24A002CCEB2 /* UserDetailView.swift in Sources */,
				B4468A492B4FC24A002CCEB2 /* OfflineMainView.swift in Sources */,
				8C8CA05A2B6108460020DEDD /* Bangumi.swift in Sources */,
				B4468A4D2B4FC24A002CCEB2 /* VideoCommentsView.swift in Sources */,
				B4468A3C2B4FC24A002CCEB2 /* CodeExt.swift in Sources */,
				B4468A432B4FC24A002CCEB2 /* SearchView.swift in Sources */,
				B4468A5C2B4FC24A002CCEB2 /* CodingTime.m in Sources */,
				B4468A4E2B4FC24A002CCEB2 /* VideoDetailView.swift in Sources */,
				B4468A352B4FC24A002CCEB2 /* Backtrace.swift in Sources */,
				B4468A362B4FC24A002CCEB2 /* FeedbackView.swift in Sources */,
				B4468A3E2B4FC24A002CCEB2 /* ColorThief.swift in Sources */,
				B4468A652B4FC24A002CCEB2 /* WatchLaterView.swift in Sources */,
				B4468A332B4FC24A002CCEB2 /* MemoryWarningView.swift in Sources */,
				B4468A452B4FC24A002CCEB2 /* ContentView.swift in Sources */,
				B4468A322B4FC24A002CCEB2 /* SignalErrorView.swift in Sources */,
				B4468A3B2B4FC24A002CCEB2 /* ErrorGetView.swift in Sources */,
				B4468A562B4FC24A002CCEB2 /* LoginView.swift in Sources */,
				E2565AF52B52C017000E01ED /* BangumiDownloadView.swift in Sources */,
				B4468A4A2B4FC24A002CCEB2 /* VideoPlayerView.swift in Sources */,
				B4468A3D2B4FC24A002CCEB2 /* AppFileManager.swift in Sources */,
				B4468A622B4FC24A002CCEB2 /* ArticleView.swift in Sources */,
				B4468A4B2B4FC24A002CCEB2 /* LyricerView.swift in Sources */,
				B4468A392B4FC24A002CCEB2 /* FeedbackMainView.swift in Sources */,
				B4468A3F2B4FC24A002CCEB2 /* MMCQ.swift in Sources */,
				B4468A5D2B4FC24A002CCEB2 /* DownloadsView.swift in Sources */,
			);
			runOnlyForDeploymentPostprocessing = 0;
		};
/* End PBXSourcesBuildPhase section */

/* Begin PBXTargetDependency section */
		B44689D32B4FC15A002CCEB2 /* PBXTargetDependency */ = {
			isa = PBXTargetDependency;
			target = B44689CF2B4FC15A002CCEB2 /* DarockBili Watch App */;
			targetProxy = B44689D22B4FC15A002CCEB2 /* PBXContainerItemProxy */;
		};
/* End PBXTargetDependency section */

/* Begin XCBuildConfiguration section */
		B44689DE2B4FC15B002CCEB2 /* Debug */ = {
			isa = XCBuildConfiguration;
			buildSettings = {
				ALWAYS_SEARCH_USER_PATHS = NO;
				ASSETCATALOG_COMPILER_GENERATE_SWIFT_ASSET_SYMBOL_EXTENSIONS = YES;
				CLANG_ANALYZER_LOCALIZABILITY_NONLOCALIZED = YES;
				CLANG_ANALYZER_NONNULL = YES;
				CLANG_ANALYZER_NUMBER_OBJECT_CONVERSION = YES_AGGRESSIVE;
				CLANG_CXX_LANGUAGE_STANDARD = "gnu++20";
				CLANG_ENABLE_MODULES = YES;
				CLANG_ENABLE_OBJC_ARC = YES;
				CLANG_ENABLE_OBJC_WEAK = YES;
				CLANG_WARN_BLOCK_CAPTURE_AUTORELEASING = YES;
				CLANG_WARN_BOOL_CONVERSION = YES;
				CLANG_WARN_COMMA = YES;
				CLANG_WARN_CONSTANT_CONVERSION = YES;
				CLANG_WARN_DEPRECATED_OBJC_IMPLEMENTATIONS = YES;
				CLANG_WARN_DIRECT_OBJC_ISA_USAGE = YES_ERROR;
				CLANG_WARN_DOCUMENTATION_COMMENTS = YES;
				CLANG_WARN_EMPTY_BODY = YES;
				CLANG_WARN_ENUM_CONVERSION = YES;
				CLANG_WARN_INFINITE_RECURSION = YES;
				CLANG_WARN_INT_CONVERSION = YES;
				CLANG_WARN_NON_LITERAL_NULL_CONVERSION = YES;
				CLANG_WARN_OBJC_IMPLICIT_RETAIN_SELF = YES;
				CLANG_WARN_OBJC_LITERAL_CONVERSION = YES;
				CLANG_WARN_OBJC_ROOT_CLASS = YES_ERROR;
				CLANG_WARN_QUOTED_INCLUDE_IN_FRAMEWORK_HEADER = YES;
				CLANG_WARN_RANGE_LOOP_ANALYSIS = YES;
				CLANG_WARN_STRICT_PROTOTYPES = YES;
				CLANG_WARN_SUSPICIOUS_MOVE = YES;
				CLANG_WARN_UNGUARDED_AVAILABILITY = YES_AGGRESSIVE;
				CLANG_WARN_UNREACHABLE_CODE = YES;
				CLANG_WARN__DUPLICATE_METHOD_MATCH = YES;
				COPY_PHASE_STRIP = NO;
				DEAD_CODE_STRIPPING = YES;
				DEBUG_INFORMATION_FORMAT = dwarf;
				ENABLE_STRICT_OBJC_MSGSEND = YES;
				ENABLE_TESTABILITY = YES;
				ENABLE_USER_SCRIPT_SANDBOXING = YES;
				GCC_C_LANGUAGE_STANDARD = gnu17;
				GCC_DYNAMIC_NO_PIC = NO;
				GCC_NO_COMMON_BLOCKS = YES;
				GCC_OPTIMIZATION_LEVEL = 0;
				GCC_PREPROCESSOR_DEFINITIONS = (
					"DEBUG=1",
					"$(inherited)",
				);
				GCC_WARN_64_TO_32_BIT_CONVERSION = YES;
				GCC_WARN_ABOUT_RETURN_TYPE = YES_ERROR;
				GCC_WARN_UNDECLARED_SELECTOR = YES;
				GCC_WARN_UNINITIALIZED_AUTOS = YES_AGGRESSIVE;
				GCC_WARN_UNUSED_FUNCTION = YES;
				GCC_WARN_UNUSED_VARIABLE = YES;
				LOCALIZATION_PREFERS_STRING_CATALOGS = YES;
				MTL_ENABLE_DEBUG_INFO = INCLUDE_SOURCE;
				MTL_FAST_MATH = YES;
				ONLY_ACTIVE_ARCH = YES;
				SWIFT_ACTIVE_COMPILATION_CONDITIONS = "DEBUG $(inherited)";
				SWIFT_OPTIMIZATION_LEVEL = "-Onone";
				WATCHOS_DEPLOYMENT_TARGET = 9.0;
			};
			name = Debug;
		};
		B44689DF2B4FC15B002CCEB2 /* Release */ = {
			isa = XCBuildConfiguration;
			buildSettings = {
				ALWAYS_SEARCH_USER_PATHS = NO;
				ASSETCATALOG_COMPILER_GENERATE_SWIFT_ASSET_SYMBOL_EXTENSIONS = YES;
				CLANG_ANALYZER_LOCALIZABILITY_NONLOCALIZED = YES;
				CLANG_ANALYZER_NONNULL = YES;
				CLANG_ANALYZER_NUMBER_OBJECT_CONVERSION = YES_AGGRESSIVE;
				CLANG_CXX_LANGUAGE_STANDARD = "gnu++20";
				CLANG_ENABLE_MODULES = YES;
				CLANG_ENABLE_OBJC_ARC = YES;
				CLANG_ENABLE_OBJC_WEAK = YES;
				CLANG_WARN_BLOCK_CAPTURE_AUTORELEASING = YES;
				CLANG_WARN_BOOL_CONVERSION = YES;
				CLANG_WARN_COMMA = YES;
				CLANG_WARN_CONSTANT_CONVERSION = YES;
				CLANG_WARN_DEPRECATED_OBJC_IMPLEMENTATIONS = YES;
				CLANG_WARN_DIRECT_OBJC_ISA_USAGE = YES_ERROR;
				CLANG_WARN_DOCUMENTATION_COMMENTS = YES;
				CLANG_WARN_EMPTY_BODY = YES;
				CLANG_WARN_ENUM_CONVERSION = YES;
				CLANG_WARN_INFINITE_RECURSION = YES;
				CLANG_WARN_INT_CONVERSION = YES;
				CLANG_WARN_NON_LITERAL_NULL_CONVERSION = YES;
				CLANG_WARN_OBJC_IMPLICIT_RETAIN_SELF = YES;
				CLANG_WARN_OBJC_LITERAL_CONVERSION = YES;
				CLANG_WARN_OBJC_ROOT_CLASS = YES_ERROR;
				CLANG_WARN_QUOTED_INCLUDE_IN_FRAMEWORK_HEADER = YES;
				CLANG_WARN_RANGE_LOOP_ANALYSIS = YES;
				CLANG_WARN_STRICT_PROTOTYPES = YES;
				CLANG_WARN_SUSPICIOUS_MOVE = YES;
				CLANG_WARN_UNGUARDED_AVAILABILITY = YES_AGGRESSIVE;
				CLANG_WARN_UNREACHABLE_CODE = YES;
				CLANG_WARN__DUPLICATE_METHOD_MATCH = YES;
				COPY_PHASE_STRIP = NO;
				DEAD_CODE_STRIPPING = YES;
				DEBUG_INFORMATION_FORMAT = "dwarf-with-dsym";
				ENABLE_NS_ASSERTIONS = NO;
				ENABLE_STRICT_OBJC_MSGSEND = YES;
				ENABLE_USER_SCRIPT_SANDBOXING = YES;
				GCC_C_LANGUAGE_STANDARD = gnu17;
				GCC_NO_COMMON_BLOCKS = YES;
				GCC_WARN_64_TO_32_BIT_CONVERSION = YES;
				GCC_WARN_ABOUT_RETURN_TYPE = YES_ERROR;
				GCC_WARN_UNDECLARED_SELECTOR = YES;
				GCC_WARN_UNINITIALIZED_AUTOS = YES_AGGRESSIVE;
				GCC_WARN_UNUSED_FUNCTION = YES;
				GCC_WARN_UNUSED_VARIABLE = YES;
				LOCALIZATION_PREFERS_STRING_CATALOGS = YES;
				MTL_ENABLE_DEBUG_INFO = NO;
				MTL_FAST_MATH = YES;
				SWIFT_COMPILATION_MODE = wholemodule;
				WATCHOS_DEPLOYMENT_TARGET = 9.0;
			};
			name = Release;
		};
		B44689E12B4FC15B002CCEB2 /* Debug */ = {
			isa = XCBuildConfiguration;
			buildSettings = {
				ASSETCATALOG_COMPILER_APPICON_NAME = AppIcon;
				ASSETCATALOG_COMPILER_GLOBAL_ACCENT_COLOR_NAME = AccentColor;
				CODE_SIGN_STYLE = Automatic;
				CURRENT_PROJECT_VERSION = 180;
				DEVELOPMENT_ASSET_PATHS = "\"DarockBili Watch App/Preview Content\"";
				DEVELOPMENT_TEAM = B57D8PP775;
				ENABLE_PREVIEWS = YES;
				GENERATE_INFOPLIST_FILE = YES;
				INFOPLIST_FILE = "DarockBili-Watch-App-Info.plist";
				INFOPLIST_KEY_ITSAppUsesNonExemptEncryption = NO;
				INFOPLIST_KEY_UISupportedInterfaceOrientations = "UIInterfaceOrientationPortrait UIInterfaceOrientationPortraitUpsideDown";
				INFOPLIST_KEY_WKWatchOnly = YES;
				LD_RUNPATH_SEARCH_PATHS = (
					"$(inherited)",
					"@executable_path/Frameworks",
				);
				MARKETING_VERSION = 1.0.0;
				PRODUCT_BUNDLE_IDENTIFIER = com.darock.DarockBili.watchkitapp;
				PRODUCT_NAME = "喵哩喵哩";
				SDKROOT = watchos;
				SKIP_INSTALL = YES;
				SWIFT_EMIT_LOC_STRINGS = YES;
				SWIFT_OBJC_BRIDGING_HEADER = "DarockBili Watch App/DarockBili-Bridging-Header.h";
				SWIFT_VERSION = 5.0;
				TARGETED_DEVICE_FAMILY = 4;
				WATCHOS_DEPLOYMENT_TARGET = 9.0;
			};
			name = Debug;
		};
		B44689E22B4FC15B002CCEB2 /* Release */ = {
			isa = XCBuildConfiguration;
			buildSettings = {
				ASSETCATALOG_COMPILER_APPICON_NAME = AppIcon;
				ASSETCATALOG_COMPILER_GLOBAL_ACCENT_COLOR_NAME = AccentColor;
				CODE_SIGN_STYLE = Automatic;
				CURRENT_PROJECT_VERSION = 180;
				DEVELOPMENT_ASSET_PATHS = "\"DarockBili Watch App/Preview Content\"";
				DEVELOPMENT_TEAM = B57D8PP775;
				ENABLE_PREVIEWS = YES;
				GENERATE_INFOPLIST_FILE = YES;
				INFOPLIST_FILE = "DarockBili-Watch-App-Info.plist";
				INFOPLIST_KEY_ITSAppUsesNonExemptEncryption = NO;
				INFOPLIST_KEY_UISupportedInterfaceOrientations = "UIInterfaceOrientationPortrait UIInterfaceOrientationPortraitUpsideDown";
				INFOPLIST_KEY_WKWatchOnly = YES;
				LD_RUNPATH_SEARCH_PATHS = (
					"$(inherited)",
					"@executable_path/Frameworks",
				);
				MARKETING_VERSION = 1.0.0;
				PRODUCT_BUNDLE_IDENTIFIER = com.darock.DarockBili.watchkitapp;
				PRODUCT_NAME = "喵哩喵哩";
				SDKROOT = watchos;
				SKIP_INSTALL = YES;
				SWIFT_EMIT_LOC_STRINGS = YES;
				SWIFT_OBJC_BRIDGING_HEADER = "DarockBili Watch App/DarockBili-Bridging-Header.h";
				SWIFT_VERSION = 5.0;
				TARGETED_DEVICE_FAMILY = 4;
				VALIDATE_PRODUCT = YES;
				WATCHOS_DEPLOYMENT_TARGET = 9.0;
			};
			name = Release;
		};
		B44689E52B4FC15B002CCEB2 /* Debug */ = {
			isa = XCBuildConfiguration;
			buildSettings = {
				ALWAYS_EMBED_SWIFT_STANDARD_LIBRARIES = YES;
				CODE_SIGN_STYLE = Automatic;
				CURRENT_PROJECT_VERSION = 1;
				DEVELOPMENT_TEAM = B57D8PP775;
				INFOPLIST_KEY_CFBundleDisplayName = DarockBili;
				MARKETING_VERSION = 1.0.0;
				PRODUCT_BUNDLE_IDENTIFIER = com.darock.DarockBili;
				PRODUCT_NAME = "$(TARGET_NAME)";
				SDKROOT = iphoneos;
				SWIFT_VERSION = 5.0;
			};
			name = Debug;
		};
		B44689E62B4FC15B002CCEB2 /* Release */ = {
			isa = XCBuildConfiguration;
			buildSettings = {
				ALWAYS_EMBED_SWIFT_STANDARD_LIBRARIES = YES;
				CODE_SIGN_STYLE = Automatic;
				CURRENT_PROJECT_VERSION = 1;
				DEVELOPMENT_TEAM = B57D8PP775;
				INFOPLIST_KEY_CFBundleDisplayName = DarockBili;
				MARKETING_VERSION = 1.0.0;
				PRODUCT_BUNDLE_IDENTIFIER = com.darock.DarockBili;
				PRODUCT_NAME = "$(TARGET_NAME)";
				SDKROOT = iphoneos;
				SWIFT_VERSION = 5.0;
				VALIDATE_PRODUCT = YES;
			};
			name = Release;
		};
/* End XCBuildConfiguration section */

/* Begin XCConfigurationList section */
		B44689C72B4FC15A002CCEB2 /* Build configuration list for PBXProject "DarockBili" */ = {
			isa = XCConfigurationList;
			buildConfigurations = (
				B44689DE2B4FC15B002CCEB2 /* Debug */,
				B44689DF2B4FC15B002CCEB2 /* Release */,
			);
			defaultConfigurationIsVisible = 0;
			defaultConfigurationName = Release;
		};
		B44689E02B4FC15B002CCEB2 /* Build configuration list for PBXNativeTarget "DarockBili Watch App" */ = {
			isa = XCConfigurationList;
			buildConfigurations = (
				B44689E12B4FC15B002CCEB2 /* Debug */,
				B44689E22B4FC15B002CCEB2 /* Release */,
			);
			defaultConfigurationIsVisible = 0;
			defaultConfigurationName = Release;
		};
		B44689E42B4FC15B002CCEB2 /* Build configuration list for PBXNativeTarget "DarockBili" */ = {
			isa = XCConfigurationList;
			buildConfigurations = (
				B44689E52B4FC15B002CCEB2 /* Debug */,
				B44689E62B4FC15B002CCEB2 /* Release */,
			);
			defaultConfigurationIsVisible = 0;
			defaultConfigurationName = Release;
		};
/* End XCConfigurationList section */

/* Begin XCRemoteSwiftPackageReference section */
		B4468A6B2B4FC2C8002CCEB2 /* XCRemoteSwiftPackageReference "Alamofire" */ = {
			isa = XCRemoteSwiftPackageReference;
			repositoryURL = "https://github.com/Alamofire/Alamofire";
			requirement = {
				kind = exactVersion;
				version = 5.5.0;
			};
		};
		B4468A6E2B4FC5E7002CCEB2 /* XCRemoteSwiftPackageReference "Marquee" */ = {
			isa = XCRemoteSwiftPackageReference;
			repositoryURL = "https://github.com/SwiftUIKit/Marquee";
			requirement = {
				kind = upToNextMajorVersion;
				minimumVersion = 0.3.0;
			};
		};
		B4468A712B4FC5F1002CCEB2 /* XCRemoteSwiftPackageReference "SwiftDate" */ = {
			isa = XCRemoteSwiftPackageReference;
			repositoryURL = "https://github.com/malcommac/SwiftDate";
			requirement = {
				kind = upToNextMajorVersion;
				minimumVersion = 7.0.0;
			};
		};
		B4468A742B4FC602002CCEB2 /* XCRemoteSwiftPackageReference "SFSymbol" */ = {
			isa = XCRemoteSwiftPackageReference;
			repositoryURL = "https://github.com/Nirma/SFSymbol";
			requirement = {
				kind = upToNextMajorVersion;
				minimumVersion = 2.3.0;
			};
		};
		B4468A792B4FC618002CCEB2 /* XCRemoteSwiftPackageReference "ZipArchive" */ = {
			isa = XCRemoteSwiftPackageReference;
			repositoryURL = "https://github.com/ZipArchive/ZipArchive";
			requirement = {
				kind = upToNextMajorVersion;
				minimumVersion = 2.5.5;
			};
		};
		B4468A7E2B4FC675002CCEB2 /* XCRemoteSwiftPackageReference "EFQRCode" */ = {
			isa = XCRemoteSwiftPackageReference;
			repositoryURL = "https://github.com/EFPrefix/EFQRCode";
			requirement = {
				kind = upToNextMajorVersion;
				minimumVersion = 6.2.2;
			};
		};
		B4468A7F2B4FC681002CCEB2 /* XCRemoteSwiftPackageReference "SDWebImageSwiftUI" */ = {
			isa = XCRemoteSwiftPackageReference;
			repositoryURL = "https://github.com/SDWebImage/SDWebImageSwiftUI.git";
			requirement = {
				kind = upToNextMajorVersion;
				minimumVersion = 2.2.6;
			};
		};
		B4468A802B4FC68C002CCEB2 /* XCRemoteSwiftPackageReference "SDWebImageWebPCoder" */ = {
			isa = XCRemoteSwiftPackageReference;
			repositoryURL = "https://github.com/SDWebImage/SDWebImageWebPCoder";
			requirement = {
				kind = upToNextMajorVersion;
				minimumVersion = 0.14.2;
			};
		};
		B4468A812B4FC697002CCEB2 /* XCRemoteSwiftPackageReference "SDWebImageSVGCoder" */ = {
			isa = XCRemoteSwiftPackageReference;
			repositoryURL = "https://github.com/SDWebImage/SDWebImageSVGCoder";
			requirement = {
				kind = upToNextMajorVersion;
				minimumVersion = 1.7.0;
			};
		};
		B4468A822B4FC6A1002CCEB2 /* XCRemoteSwiftPackageReference "SDWebImagePDFCoder" */ = {
			isa = XCRemoteSwiftPackageReference;
			repositoryURL = "https://github.com/SDWebImage/SDWebImagePDFCoder";
			requirement = {
				kind = upToNextMajorVersion;
				minimumVersion = 1.0.1;
			};
		};
		B4468A832B4FC6B1002CCEB2 /* XCRemoteSwiftPackageReference "SwiftSoup" */ = {
			isa = XCRemoteSwiftPackageReference;
			repositoryURL = "https://github.com/scinfu/SwiftSoup";
			requirement = {
				kind = upToNextMajorVersion;
				minimumVersion = 2.7.0;
			};
		};
		B4468A842B4FC6BE002CCEB2 /* XCRemoteSwiftPackageReference "swiftui-cached-async-image" */ = {
			isa = XCRemoteSwiftPackageReference;
			repositoryURL = "https://github.com/lorenzofiamingo/swiftui-cached-async-image";
			requirement = {
				kind = upToNextMajorVersion;
				minimumVersion = 2.1.1;
			};
		};
		B4468A852B4FC6C6002CCEB2 /* XCRemoteSwiftPackageReference "Dynamic" */ = {
			isa = XCRemoteSwiftPackageReference;
			repositoryURL = "https://github.com/mhdhejazi/Dynamic";
			requirement = {
				kind = upToNextMajorVersion;
				minimumVersion = 1.2.0;
			};
		};
		B4468A8A2B4FC85A002CCEB2 /* XCRemoteSwiftPackageReference "SwiftyJSON" */ = {
			isa = XCRemoteSwiftPackageReference;
			repositoryURL = "https://github.com/SwiftyJSON/SwiftyJSON.git";
			requirement = {
				kind = upToNextMajorVersion;
				minimumVersion = 4.0.0;
			};
		};
		B4468A8D2B4FC8AC002CCEB2 /* XCRemoteSwiftPackageReference "DarockKit" */ = {
			isa = XCRemoteSwiftPackageReference;
			repositoryURL = "https://github.com/Darock-Studio/DarockKit";
			requirement = {
				branch = main;
				kind = branch;
			};
		};
/* End XCRemoteSwiftPackageReference section */

/* Begin XCSwiftPackageProductDependency section */
		B4468A6C2B4FC2C8002CCEB2 /* Alamofire */ = {
			isa = XCSwiftPackageProductDependency;
			package = B4468A6B2B4FC2C8002CCEB2 /* XCRemoteSwiftPackageReference "Alamofire" */;
			productName = Alamofire;
		};
		B4468A6F2B4FC5E7002CCEB2 /* Marquee */ = {
			isa = XCSwiftPackageProductDependency;
			package = B4468A6E2B4FC5E7002CCEB2 /* XCRemoteSwiftPackageReference "Marquee" */;
			productName = Marquee;
		};
		B4468A722B4FC5F1002CCEB2 /* SwiftDate */ = {
			isa = XCSwiftPackageProductDependency;
			package = B4468A712B4FC5F1002CCEB2 /* XCRemoteSwiftPackageReference "SwiftDate" */;
			productName = SwiftDate;
		};
		B4468A752B4FC602002CCEB2 /* SFSymbol */ = {
			isa = XCSwiftPackageProductDependency;
			package = B4468A742B4FC602002CCEB2 /* XCRemoteSwiftPackageReference "SFSymbol" */;
			productName = SFSymbol;
		};
		B4468A772B4FC60B002CCEB2 /* SFSymbol */ = {
			isa = XCSwiftPackageProductDependency;
			package = B4468A742B4FC602002CCEB2 /* XCRemoteSwiftPackageReference "SFSymbol" */;
			productName = SFSymbol;
		};
		B4468A7A2B4FC618002CCEB2 /* ZipArchive */ = {
			isa = XCSwiftPackageProductDependency;
			package = B4468A792B4FC618002CCEB2 /* XCRemoteSwiftPackageReference "ZipArchive" */;
			productName = ZipArchive;
		};
		B4468A8B2B4FC85A002CCEB2 /* SwiftyJSON */ = {
			isa = XCSwiftPackageProductDependency;
			package = B4468A8A2B4FC85A002CCEB2 /* XCRemoteSwiftPackageReference "SwiftyJSON" */;
			productName = SwiftyJSON;
		};
		B4468A8E2B4FC8AC002CCEB2 /* DarockKit */ = {
			isa = XCSwiftPackageProductDependency;
			package = B4468A8D2B4FC8AC002CCEB2 /* XCRemoteSwiftPackageReference "DarockKit" */;
			productName = DarockKit;
		};
		B4468A912B4FC8B7002CCEB2 /* EFQRCode */ = {
			isa = XCSwiftPackageProductDependency;
			package = B4468A7E2B4FC675002CCEB2 /* XCRemoteSwiftPackageReference "EFQRCode" */;
			productName = EFQRCode;
		};
		B4468A932B4FC8B7002CCEB2 /* SDWebImageSwiftUI */ = {
			isa = XCSwiftPackageProductDependency;
			package = B4468A7F2B4FC681002CCEB2 /* XCRemoteSwiftPackageReference "SDWebImageSwiftUI" */;
			productName = SDWebImageSwiftUI;
		};
		B4468A952B4FC8B7002CCEB2 /* SDWebImageWebPCoder */ = {
			isa = XCSwiftPackageProductDependency;
			package = B4468A802B4FC68C002CCEB2 /* XCRemoteSwiftPackageReference "SDWebImageWebPCoder" */;
			productName = SDWebImageWebPCoder;
		};
		B4468A972B4FC8B7002CCEB2 /* SDWebImageSVGCoder */ = {
			isa = XCSwiftPackageProductDependency;
			package = B4468A812B4FC697002CCEB2 /* XCRemoteSwiftPackageReference "SDWebImageSVGCoder" */;
			productName = SDWebImageSVGCoder;
		};
		B4468A992B4FC8B7002CCEB2 /* SDWebImagePDFCoder */ = {
			isa = XCSwiftPackageProductDependency;
			package = B4468A822B4FC6A1002CCEB2 /* XCRemoteSwiftPackageReference "SDWebImagePDFCoder" */;
			productName = SDWebImagePDFCoder;
		};
		B4468A9B2B4FC8B7002CCEB2 /* SwiftSoup */ = {
			isa = XCSwiftPackageProductDependency;
			package = B4468A832B4FC6B1002CCEB2 /* XCRemoteSwiftPackageReference "SwiftSoup" */;
			productName = SwiftSoup;
		};
		B4468A9D2B4FC8B7002CCEB2 /* CachedAsyncImage */ = {
			isa = XCSwiftPackageProductDependency;
			package = B4468A842B4FC6BE002CCEB2 /* XCRemoteSwiftPackageReference "swiftui-cached-async-image" */;
			productName = CachedAsyncImage;
		};
		B4468A9F2B4FC8B7002CCEB2 /* Dynamic */ = {
			isa = XCSwiftPackageProductDependency;
			package = B4468A852B4FC6C6002CCEB2 /* XCRemoteSwiftPackageReference "Dynamic" */;
			productName = Dynamic;
		};
/* End XCSwiftPackageProductDependency section */
	};
	rootObject = B44689C42B4FC15A002CCEB2 /* Project object */;
}
