{
  "originHash" : "5f52a35e4ada7c12d51c2eee09d97f1980c344524854f6ea63bbd76076e1136e",
  "pins" : [
    {
      "identity" : "alamofire",
      "kind" : "remoteSourceControl",
      "location" : "https://github.com/Alamofire/Alamofire",
      "state" : {
        "revision" : "723fa5a6c65812aec4a0d7cc432ee198883b6e00",
        "version" : "5.9.0"
      }
    },
    {
      "identity" : "alertkit",
      "kind" : "remoteSourceControl",
      "location" : "https://github.com/sparrowcode/AlertKit",
      "state" : {
        "revision" : "3d35de60ad26aab58395ebecdd63b533546862ed",
        "version" : "5.1.8"
      }
    },
    {
      "identity" : "alerttoast",
      "kind" : "remoteSourceControl",
      "location" : "https://github.com/elai950/AlertToast",
      "state" : {
        "revision" : "b39252eacd159904afd7d718bba0afabb87f2f2f",
        "version" : "1.3.9"
      }
    },
    {
      "identity" : "azvideoplayer",
      "kind" : "remoteSourceControl",
      "location" : "https://github.com/adamzarn/AZVideoPlayer",
      "state" : {
        "revision" : "277226551a519a3dcd8de09c2741a4b61c4c95db",
        "version" : "1.1.0"
      }
    },
    {
      "identity" : "darockkit",
      "kind" : "remoteSourceControl",
      "location" : "https://github.com/Darock-Studio/DarockKit",
      "state" : {
        "branch" : "main",
        "revision" : "b4d26e8c8c37572708f2aa13eb6377c55f18dabc"
      }
    },
    {
      "identity" : "dynamic",
      "kind" : "remoteSourceControl",
      "location" : "https://github.com/mhdhejazi/Dynamic",
      "state" : {
        "revision" : "ab9a2570862d54aed2663691bb767f881226a12f",
        "version" : "1.2.0"
      }
    },
    {
      "identity" : "efqrcode",
      "kind" : "remoteSourceControl",
      "location" : "https://github.com/EFPrefix/EFQRCode",
      "state" : {
        "revision" : "2991c2f318ad9529d93b2a73a382a3f9c72c64ce",
        "version" : "6.2.2"
      }
    },
    {
      "identity" : "libwebp-xcode",
      "kind" : "remoteSourceControl",
      "location" : "https://github.com/SDWebImage/libwebp-Xcode.git",
      "state" : {
        "revision" : "b2b1d20a90b14d11f6ef4241da6b81c1d3f171e4",
        "version" : "1.3.2"
      }
    },
    {
      "identity" : "marquee",
      "kind" : "remoteSourceControl",
      "location" : "https://github.com/SwiftUIKit/Marquee",
      "state" : {
        "revision" : "69d7b7c6c34ed41d9299cfa8406f91f529c4fef3",
        "version" : "0.3.0"
      }
    },
    {
      "identity" : "mixpanel-swift",
      "kind" : "remoteSourceControl",
      "location" : "https://github.com/mixpanel/mixpanel-swift",
      "state" : {
        "branch" : "master",
        "revision" : "e84dcf73b81490fe16357ec62810aed3d98ceb8f"
      }
    },
    {
      "identity" : "screenshotableview",
      "kind" : "remoteSourceControl",
      "location" : "https://github.com/RickeyBoy/ScreenshotableView",
      "state" : {
        "revision" : "3c140215fb12c7e8aef78e853006110350455c5b",
        "version" : "1.0.0"
      }
    },
    {
      "identity" : "sdwebimage",
      "kind" : "remoteSourceControl",
      "location" : "https://github.com/SDWebImage/SDWebImage.git",
      "state" : {
        "revision" : "f6afa0132961d593f07970d84e2d8b588c29ea04",
        "version" : "5.19.1"
      }
    },
    {
      "identity" : "sdwebimagepdfcoder",
      "kind" : "remoteSourceControl",
      "location" : "https://github.com/SDWebImage/SDWebImagePDFCoder",
      "state" : {
        "revision" : "2aecb0a16e4d054c7f36a140f7feef6e1ede7bb6",
        "version" : "1.0.1"
      }
    },
    {
      "identity" : "sdwebimagesvgcoder",
      "kind" : "remoteSourceControl",
      "location" : "https://github.com/SDWebImage/SDWebImageSVGCoder",
      "state" : {
        "revision" : "950167445ab703740569869c8b7510efc9d09a26",
        "version" : "1.7.0"
      }
    },
    {
      "identity" : "sdwebimageswiftui",
      "kind" : "remoteSourceControl",
      "location" : "https://github.com/SDWebImage/SDWebImageSwiftUI.git",
      "state" : {
        "revision" : "53573d6dd017e354c0e7d8f1c86b77ef1383c996",
        "version" : "2.2.7"
      }
    },
    {
      "identity" : "sdwebimagewebpcoder",
      "kind" : "remoteSourceControl",
      "location" : "https://github.com/SDWebImage/SDWebImageWebPCoder",
      "state" : {
        "revision" : "8a33fb3ca75a01267f775f891f7d61f675e95072",
        "version" : "0.14.5"
      }
    },
    {
      "identity" : "sfsymbol",
      "kind" : "remoteSourceControl",
      "location" : "https://github.com/Nirma/SFSymbol",
      "state" : {
        "revision" : "1b127194b976a58ea460a2cbe10f00fa994b1ece",
        "version" : "2.3.0"
      }
    },
    {
      "identity" : "swift_qrcodejs",
      "kind" : "remoteSourceControl",
      "location" : "https://github.com/ApolloZhu/swift_qrcodejs.git",
      "state" : {
        "revision" : "374dc7f7b9e76c6aeb393f6a84590c6d387e1ecb",
        "version" : "2.2.2"
      }
    },
    {
      "identity" : "swiftdate",
      "kind" : "remoteSourceControl",
      "location" : "https://github.com/malcommac/SwiftDate",
      "state" : {
        "revision" : "5d943224c3bb173e6ecf27295611615eba90c80e",
        "version" : "7.0.0"
      }
    },
    {
      "identity" : "swiftsoup",
      "kind" : "remoteSourceControl",
      "location" : "https://github.com/scinfu/SwiftSoup",
      "state" : {
        "revision" : "028487d4a8a291b2fe1b4392b5425b6172056148",
        "version" : "2.7.2"
      }
    },
    {
      "identity" : "swiftui-cached-async-image",
      "kind" : "remoteSourceControl",
      "location" : "https://github.com/lorenzofiamingo/swiftui-cached-async-image",
      "state" : {
        "revision" : "467a3d17479887943ab917a379e62bbaff60ac8a",
        "version" : "2.1.1"
      }
    },
    {
      "identity" : "swiftyjson",
      "kind" : "remoteSourceControl",
      "location" : "https://github.com/SwiftyJSON/SwiftyJSON.git",
      "state" : {
        "revision" : "2b6054efa051565954e1d2b9da831680026cd768",
        "version" : "4.3.0"
      }
    },
    {
      "identity" : "ziparchive",
      "kind" : "remoteSourceControl",
      "location" : "https://github.com/ZipArchive/ZipArchive",
      "state" : {
        "revision" : "79d4dc9729096c6ad83dd3cee2b9f354d1b4ab7b",
        "version" : "2.5.5"
      }
    }
  ],
  "version" : 3
}
