{
  "originHash" : "45bd3d20033c2287d7115f7e1c9f8ed3737b5d023ab779923c7857dd09a9f6f7",
  "pins" : [
    {
      "identity" : "alamofire",
      "kind" : "remoteSourceControl",
      "location" : "https://github.com/Alamofire/Alamofire",
      "state" : {
        "revision" : "513364f870f6bfc468f9d2ff0a95caccc10044c5",
        "version" : "5.10.2"
      }
    },
    {
      "identity" : "alertkit",
      "kind" : "remoteSourceControl",
      "location" : "https://github.com/sparrowcode/AlertKit",
      "state" : {
        "revision" : "3b73be8db5a7e7efaf474c6ed919f5a437d843c9",
        "version" : "5.1.9"
      }
    },
    {
      "identity" : "alerttoast",
      "kind" : "remoteSourceControl",
      "location" : "https://github.com/elai950/AlertToast",
      "state" : {
        "revision" : "b39252eacd159904afd7d718bba0afabb87f2f2f",
        "version" : "1.3.9"
      }
    },
    {
      "identity" : "azvideoplayer",
      "kind" : "remoteSourceControl",
      "location" : "https://github.com/adamzarn/AZVideoPlayer",
      "state" : {
        "revision" : "a5b2403a35d5768ee4af6c2d27ad9f9a6fb2a789",
        "version" : "1.4.0"
      }
    },
    {
      "identity" : "cepheus",
      "kind" : "remoteSourceControl",
      "location" : "https://github.com/Serene-Garden/Cepheus",
      "state" : {
        "revision" : "fc776af21b0df05238b6bc6c9143e493530e0be3",
        "version" : "2.6.0"
      }
    },
    {
      "identity" : "corvuskit",
      "kind" : "remoteSourceControl",
      "location" : "https://github.com/Darock-Studio/CorvusKit",
      "state" : {
        "branch" : "main",
        "revision" : "df7f095270fe54ba52e5c232bc0f326718f910f6"
      }
    },
    {
      "identity" : "darockfoundation",
      "kind" : "remoteSourceControl",
      "location" : "https://github.com/Darock-Studio/DarockFoundation",
      "state" : {
        "branch" : "main",
        "revision" : "217f002106f97eebac53765f24911ae1d9861ce7"
      }
    },
    {
      "identity" : "darockui",
      "kind" : "remoteSourceControl",
      "location" : "https://github.com/Darock-Studio/DarockUI",
      "state" : {
        "branch" : "main",
        "revision" : "927322ee58f33c0d6f5e4b32b67144d0fa1f0d23"
      }
    },
    {
      "identity" : "dynamic",
      "kind" : "remoteSourceControl",
      "location" : "https://github.com/mhdhejazi/Dynamic",
      "state" : {
        "revision" : "ab9a2570862d54aed2663691bb767f881226a12f",
        "version" : "1.2.0"
      }
    },
    {
      "identity" : "efqrcode",
      "kind" : "remoteSourceControl",
      "location" : "https://github.com/EFPrefix/EFQRCode",
      "state" : {
        "revision" : "3a6c5012f1a0df404a92e55bb01b4b685ff5a2d1",
        "version" : "6.2.2"
      }
    },
    {
      "identity" : "libwebp-xcode",
      "kind" : "remoteSourceControl",
      "location" : "https://github.com/SDWebImage/libwebp-Xcode.git",
      "state" : {
        "revision" : "0d60654eeefd5d7d2bef3835804892c40225e8b2",
        "version" : "1.5.0"
      }
    },
    {
      "identity" : "marqueetext",
      "kind" : "remoteSourceControl",
      "location" : "https://github.com/joekndy/MarqueeText",
      "state" : {
        "revision" : "e18d514455563ad00581e0d825146c6f15b1c6c4"
      }
    },
    {
      "identity" : "networkimage",
      "kind" : "remoteSourceControl",
      "location" : "https://github.com/gonzalezreal/NetworkImage",
      "state" : {
        "revision" : "2849f5323265386e200484b0d0f896e73c3411b9",
        "version" : "6.0.1"
      }
    },
    {
      "identity" : "notifkit",
      "kind" : "remoteSourceControl",
      "location" : "https://github.com/Darock-Studio/NotifKit",
      "state" : {
        "branch" : "main",
        "revision" : "05e858c9cc3b0d6a72ab5c36586bd38cfaaa7c44"
      }
    },
    {
      "identity" : "radarkit",
      "kind" : "remoteSourceControl",
      "location" : "https://github.com/Darock-Studio/RadarKit/",
      "state" : {
        "branch" : "main",
        "revision" : "bcfaffa8b2acefe38f0282b398d6da68a23e394f"
      }
    },
    {
      "identity" : "radarkitcore",
      "kind" : "remoteSourceControl",
      "location" : "https://github.com/Darock-Studio/RadarKitCore",
      "state" : {
        "branch" : "main",
        "revision" : "3a74b5742d4fc2725244095bf4768c8eacdf8aea"
      }
    },
    {
      "identity" : "screenshotableview",
      "kind" : "remoteSourceControl",
      "location" : "https://github.com/RickeyBoy/ScreenshotableView",
      "state" : {
        "revision" : "4dcc274e518756c9bb6eabc153b2edb51a7bd482",
        "version" : "1.1.0"
      }
    },
    {
      "identity" : "sdwebimage",
      "kind" : "remoteSourceControl",
      "location" : "https://github.com/SDWebImage/SDWebImage.git",
      "state" : {
        "revision" : "cac9a55a3ae92478a2c95042dcc8d9695d2129ca",
        "version" : "5.21.0"
      }
    },
    {
      "identity" : "sdwebimagepdfcoder",
      "kind" : "remoteSourceControl",
      "location" : "https://github.com/SDWebImage/SDWebImagePDFCoder",
      "state" : {
        "revision" : "2aecb0a16e4d054c7f36a140f7feef6e1ede7bb6",
        "version" : "1.0.1"
      }
    },
    {
      "identity" : "sdwebimagesvgcoder",
      "kind" : "remoteSourceControl",
      "location" : "https://github.com/SDWebImage/SDWebImageSVGCoder",
      "state" : {
        "revision" : "85b5d58ad02c207c496fa34426dc6560d6ae32f0",
        "version" : "1.8.0"
      }
    },
    {
      "identity" : "sdwebimageswiftui",
      "kind" : "remoteSourceControl",
      "location" : "https://github.com/SDWebImage/SDWebImageSwiftUI",
      "state" : {
        "revision" : "53573d6dd017e354c0e7d8f1c86b77ef1383c996",
        "version" : "2.2.7"
      }
    },
    {
      "identity" : "sdwebimagewebpcoder",
      "kind" : "remoteSourceControl",
      "location" : "https://github.com/SDWebImage/SDWebImageWebPCoder",
      "state" : {
        "revision" : "f534cfe830a7807ecc3d0332127a502426cfa067",
        "version" : "0.14.6"
      }
    },
    {
      "identity" : "sfsymbol",
      "kind" : "remoteSourceControl",
      "location" : "https://github.com/Nirma/SFSymbol",
      "state" : {
        "revision" : "1b127194b976a58ea460a2cbe10f00fa994b1ece",
        "version" : "2.3.0"
      }
    },
    {
      "identity" : "swift-cmark",
      "kind" : "remoteSourceControl",
      "location" : "https://github.com/swiftlang/swift-cmark",
      "state" : {
        "revision" : "b022b08312decdc46585e0b3440d97f6f22ef703",
        "version" : "0.6.0"
      }
    },
    {
      "identity" : "swift-markdown-ui",
      "kind" : "remoteSourceControl",
      "location" : "https://github.com/gonzalezreal/swift-markdown-ui",
      "state" : {
        "revision" : "5f613358148239d0292c0cef674a3c2314737f9e",
        "version" : "2.4.1"
      }
    },
    {
      "identity" : "swift_qrcodejs",
      "kind" : "remoteSourceControl",
      "location" : "https://github.com/EFPrefix/swift_qrcodejs.git",
      "state" : {
        "revision" : "d1605333f7edac39b4518538ef4f2638fdd2e4d6",
        "version" : "2.3.1"
      }
    },
    {
      "identity" : "swiftdate",
      "kind" : "remoteSourceControl",
      "location" : "https://github.com/malcommac/SwiftDate",
      "state" : {
        "revision" : "5d943224c3bb173e6ecf27295611615eba90c80e",
        "version" : "7.0.0"
      }
    },
    {
      "identity" : "swiftsoup",
      "kind" : "remoteSourceControl",
      "location" : "https://github.com/scinfu/SwiftSoup",
      "state" : {
        "revision" : "bba848db50462894e7fc0891d018dfecad4ef11e",
        "version" : "2.8.7"
      }
    },
    {
      "identity" : "swiftyjson",
      "kind" : "remoteSourceControl",
      "location" : "https://github.com/SwiftyJSON/SwiftyJSON",
      "state" : {
        "revision" : "af76cf3ef710b6ca5f8c05f3a31307d44a3c5828",
        "version" : "5.0.2"
      }
    },
    {
      "identity" : "ziparchive",
      "kind" : "remoteSourceControl",
      "location" : "https://github.com/ZipArchive/ZipArchive",
      "state" : {
        "revision" : "df35718ea19a94e015b91dc4881dee028ce4cdba",
        "version" : "2.6.0"
      }
    }
  ],
  "version" : 3
}
